// !$*UTF8*$!
{
	archiveVersion = 1;
	classes = {
	};
	objectVersion = 46;
	objects = {

/* Begin PBXBuildFile section */
		6E0D5612194C32A30036E940 /* LHSceneSubclass.mm in Sources */ = {isa = PBXBuildFile; fileRef = 6E89FE32192E261E0040478F /* LHSceneSubclass.mm */; };
		6E0D5629194C32A30036E940 /* main.m in Sources */ = {isa = PBXBuildFile; fileRef = 6E12228B1924BD88005E8532 /* main.m */; };
		6E0D5662194C32A30036E940 /* AppDelegate.m in Sources */ = {isa = PBXBuildFile; fileRef = 6E12228F1924BD88005E8532 /* AppDelegate.m */; };
		6E0D567C194C32A30036E940 /* OpenAL.framework in Frameworks */ = {isa = PBXBuildFile; fileRef = 6E121FEA1924BD85005E8532 /* OpenAL.framework */; };
		6E0D567D194C32A30036E940 /* UIKit.framework in Frameworks */ = {isa = PBXBuildFile; fileRef = 6E121FF01924BD85005E8532 /* UIKit.framework */; };
		6E0D567E194C32A30036E940 /* QuartzCore.framework in Frameworks */ = {isa = PBXBuildFile; fileRef = 6E121FE61924BD85005E8532 /* QuartzCore.framework */; };
		6E0D567F194C32A30036E940 /* AVFoundation.framework in Frameworks */ = {isa = PBXBuildFile; fileRef = 6E121FEE1924BD85005E8532 /* AVFoundation.framework */; };
		6E0D5680194C32A30036E940 /* CoreGraphics.framework in Frameworks */ = {isa = PBXBuildFile; fileRef = 6E121FF41924BD85005E8532 /* CoreGraphics.framework */; };
		6E0D5681194C32A30036E940 /* CoreText.framework in Frameworks */ = {isa = PBXBuildFile; fileRef = 6E121FF61924BD85005E8532 /* CoreText.framework */; };
		6E0D5682194C32A30036E940 /* OpenGLES.framework in Frameworks */ = {isa = PBXBuildFile; fileRef = 6E121FE81924BD85005E8532 /* OpenGLES.framework */; };
		6E0D5683194C32A30036E940 /* Foundation.framework in Frameworks */ = {isa = PBXBuildFile; fileRef = 6E121FF21924BD85005E8532 /* Foundation.framework */; };
		6E0D5684194C32A30036E940 /* AudioToolbox.framework in Frameworks */ = {isa = PBXBuildFile; fileRef = 6E121FEC1924BD85005E8532 /* AudioToolbox.framework */; };
		6E0D5686194C32A30036E940 /* Default@2x.png in Resources */ = {isa = PBXBuildFile; fileRef = 6E1220021924BD85005E8532 /* Default@2x.png */; };
		6E0D5687194C32A30036E940 /* Icon-120.png in Resources */ = {isa = PBXBuildFile; fileRef = 6E1220151924BD85005E8532 /* Icon-120.png */; };
		6E0D568A194C32A30036E940 /* Icon@2x.png in Resources */ = {isa = PBXBuildFile; fileRef = 6E12200B1924BD85005E8532 /* Icon@2x.png */; };
		6E0D568B194C32A30036E940 /* Icon-Small@2x.png in Resources */ = {isa = PBXBuildFile; fileRef = 6E12201D1924BD85005E8532 /* Icon-Small@2x.png */; };
		6E0D568C194C32A30036E940 /* Icon-72@2x.png in Resources */ = {isa = PBXBuildFile; fileRef = 6E12200F1924BD85005E8532 /* Icon-72@2x.png */; };
		6E0D568D194C32A30036E940 /* Default.png in Resources */ = {isa = PBXBuildFile; fileRef = 6E1220001924BD85005E8532 /* Default.png */; };
		6E0D568E194C32A30036E940 /* Icon.png in Resources */ = {isa = PBXBuildFile; fileRef = 6E1220091924BD85005E8532 /* Icon.png */; };
		6E0D568F194C32A30036E940 /* Icon-iPad-Spotlight-iOS7@2x.png in Resources */ = {isa = PBXBuildFile; fileRef = 6E1220171924BD85005E8532 /* Icon-iPad-Spotlight-iOS7@2x.png */; };
		6E0D5690194C32A30036E940 /* Default-Landscape~ipad.png in Resources */ = {isa = PBXBuildFile; fileRef = 6E1220061924BD85005E8532 /* Default-Landscape~ipad.png */; };
		6E0D5691194C32A30036E940 /* Icon-Small.png in Resources */ = {isa = PBXBuildFile; fileRef = 6E12201B1924BD85005E8532 /* Icon-Small.png */; };
		6E0D5692194C32A30036E940 /* Icon-Small-50.png in Resources */ = {isa = PBXBuildFile; fileRef = 6E1220191924BD85005E8532 /* Icon-Small-50.png */; };
		6E0D5694194C32A30036E940 /* Icon-72.png in Resources */ = {isa = PBXBuildFile; fileRef = 6E12200D1924BD85005E8532 /* Icon-72.png */; };
		6E0D5696194C32A30036E940 /* Default-568h@2x.png in Resources */ = {isa = PBXBuildFile; fileRef = 6E1220041924BD85005E8532 /* Default-568h@2x.png */; };
		6E0D5697194C32A30036E940 /* iTunesArtwork in Resources */ = {isa = PBXBuildFile; fileRef = 6E1220241924BD85005E8532 /* iTunesArtwork */; };
		6E0D5698194C32A30036E940 /* Icon-Spotlight-iOS7.png in Resources */ = {isa = PBXBuildFile; fileRef = 6E12201F1924BD85005E8532 /* Icon-Spotlight-iOS7.png */; };
		6E0D5699194C32A30036E940 /* Icon-76@2x.png in Resources */ = {isa = PBXBuildFile; fileRef = 6E1220131924BD85005E8532 /* Icon-76@2x.png */; };
		6E0D569B194C32A30036E940 /* Icon-Spotlight-iOS7@2x.png in Resources */ = {isa = PBXBuildFile; fileRef = 6E1220211924BD85005E8532 /* Icon-Spotlight-iOS7@2x.png */; };
		6E0D569D194C32A30036E940 /* Icon-76.png in Resources */ = {isa = PBXBuildFile; fileRef = 6E1220111924BD85005E8532 /* Icon-76.png */; };
		6E0D569F194C32A30036E940 /* iTunesArtwork@2x in Resources */ = {isa = PBXBuildFile; fileRef = 6E1220261924BD85005E8532 /* iTunesArtwork@2x */; };
		6E121FE71924BD85005E8532 /* QuartzCore.framework in Frameworks */ = {isa = PBXBuildFile; fileRef = 6E121FE61924BD85005E8532 /* QuartzCore.framework */; };
		6E121FE91924BD85005E8532 /* OpenGLES.framework in Frameworks */ = {isa = PBXBuildFile; fileRef = 6E121FE81924BD85005E8532 /* OpenGLES.framework */; };
		6E121FEB1924BD85005E8532 /* OpenAL.framework in Frameworks */ = {isa = PBXBuildFile; fileRef = 6E121FEA1924BD85005E8532 /* OpenAL.framework */; };
		6E121FED1924BD85005E8532 /* AudioToolbox.framework in Frameworks */ = {isa = PBXBuildFile; fileRef = 6E121FEC1924BD85005E8532 /* AudioToolbox.framework */; };
		6E121FEF1924BD85005E8532 /* AVFoundation.framework in Frameworks */ = {isa = PBXBuildFile; fileRef = 6E121FEE1924BD85005E8532 /* AVFoundation.framework */; };
		6E121FF11924BD85005E8532 /* UIKit.framework in Frameworks */ = {isa = PBXBuildFile; fileRef = 6E121FF01924BD85005E8532 /* UIKit.framework */; };
		6E121FF31924BD85005E8532 /* Foundation.framework in Frameworks */ = {isa = PBXBuildFile; fileRef = 6E121FF21924BD85005E8532 /* Foundation.framework */; };
		6E121FF51924BD85005E8532 /* CoreGraphics.framework in Frameworks */ = {isa = PBXBuildFile; fileRef = 6E121FF41924BD85005E8532 /* CoreGraphics.framework */; };
		6E121FF71924BD85005E8532 /* CoreText.framework in Frameworks */ = {isa = PBXBuildFile; fileRef = 6E121FF61924BD85005E8532 /* CoreText.framework */; };
		6E1220011924BD85005E8532 /* Default.png in Resources */ = {isa = PBXBuildFile; fileRef = 6E1220001924BD85005E8532 /* Default.png */; };
		6E1220031924BD85005E8532 /* Default@2x.png in Resources */ = {isa = PBXBuildFile; fileRef = 6E1220021924BD85005E8532 /* Default@2x.png */; };
		6E1220051924BD85005E8532 /* Default-568h@2x.png in Resources */ = {isa = PBXBuildFile; fileRef = 6E1220041924BD85005E8532 /* Default-568h@2x.png */; };
		6E1220071924BD85005E8532 /* Default-Landscape~ipad.png in Resources */ = {isa = PBXBuildFile; fileRef = 6E1220061924BD85005E8532 /* Default-Landscape~ipad.png */; };
		6E12200A1924BD85005E8532 /* Icon.png in Resources */ = {isa = PBXBuildFile; fileRef = 6E1220091924BD85005E8532 /* Icon.png */; };
		6E12200C1924BD85005E8532 /* Icon@2x.png in Resources */ = {isa = PBXBuildFile; fileRef = 6E12200B1924BD85005E8532 /* Icon@2x.png */; };
		6E12200E1924BD85005E8532 /* Icon-72.png in Resources */ = {isa = PBXBuildFile; fileRef = 6E12200D1924BD85005E8532 /* Icon-72.png */; };
		6E1220101924BD85005E8532 /* Icon-72@2x.png in Resources */ = {isa = PBXBuildFile; fileRef = 6E12200F1924BD85005E8532 /* Icon-72@2x.png */; };
		6E1220121924BD85005E8532 /* Icon-76.png in Resources */ = {isa = PBXBuildFile; fileRef = 6E1220111924BD85005E8532 /* Icon-76.png */; };
		6E1220141924BD85005E8532 /* Icon-76@2x.png in Resources */ = {isa = PBXBuildFile; fileRef = 6E1220131924BD85005E8532 /* Icon-76@2x.png */; };
		6E1220161924BD85005E8532 /* Icon-120.png in Resources */ = {isa = PBXBuildFile; fileRef = 6E1220151924BD85005E8532 /* Icon-120.png */; };
		6E1220181924BD85005E8532 /* Icon-iPad-Spotlight-iOS7@2x.png in Resources */ = {isa = PBXBuildFile; fileRef = 6E1220171924BD85005E8532 /* Icon-iPad-Spotlight-iOS7@2x.png */; };
		6E12201A1924BD85005E8532 /* Icon-Small-50.png in Resources */ = {isa = PBXBuildFile; fileRef = 6E1220191924BD85005E8532 /* Icon-Small-50.png */; };
		6E12201C1924BD85005E8532 /* Icon-Small.png in Resources */ = {isa = PBXBuildFile; fileRef = 6E12201B1924BD85005E8532 /* Icon-Small.png */; };
		6E12201E1924BD85005E8532 /* Icon-Small@2x.png in Resources */ = {isa = PBXBuildFile; fileRef = 6E12201D1924BD85005E8532 /* Icon-Small@2x.png */; };
		6E1220201924BD85005E8532 /* Icon-Spotlight-iOS7.png in Resources */ = {isa = PBXBuildFile; fileRef = 6E12201F1924BD85005E8532 /* Icon-Spotlight-iOS7.png */; };
		6E1220221924BD85005E8532 /* Icon-Spotlight-iOS7@2x.png in Resources */ = {isa = PBXBuildFile; fileRef = 6E1220211924BD85005E8532 /* Icon-Spotlight-iOS7@2x.png */; };
		6E1220251924BD85005E8532 /* iTunesArtwork in Resources */ = {isa = PBXBuildFile; fileRef = 6E1220241924BD85005E8532 /* iTunesArtwork */; };
		6E1220271924BD85005E8532 /* iTunesArtwork@2x in Resources */ = {isa = PBXBuildFile; fileRef = 6E1220261924BD85005E8532 /* iTunesArtwork@2x */; };
		6E12228C1924BD88005E8532 /* main.m in Sources */ = {isa = PBXBuildFile; fileRef = 6E12228B1924BD88005E8532 /* main.m */; };
		6E1222901924BD88005E8532 /* AppDelegate.m in Sources */ = {isa = PBXBuildFile; fileRef = 6E12228F1924BD88005E8532 /* AppDelegate.m */; };
		6E2170AE1982BA8600C1F7CF /* LHSceneSubclass.mm in Sources */ = {isa = PBXBuildFile; fileRef = 6E89FE32192E261E0040478F /* LHSceneSubclass.mm */; };
		6E2171451982BA8600C1F7CF /* OpenAL.framework in Frameworks */ = {isa = PBXBuildFile; fileRef = 6E121FEA1924BD85005E8532 /* OpenAL.framework */; };
		6E2171471982BA8600C1F7CF /* QuartzCore.framework in Frameworks */ = {isa = PBXBuildFile; fileRef = 6E121FE61924BD85005E8532 /* QuartzCore.framework */; };
		6E2171481982BA8600C1F7CF /* AVFoundation.framework in Frameworks */ = {isa = PBXBuildFile; fileRef = 6E121FEE1924BD85005E8532 /* AVFoundation.framework */; };
		6E21714C1982BA8600C1F7CF /* Foundation.framework in Frameworks */ = {isa = PBXBuildFile; fileRef = 6E121FF21924BD85005E8532 /* Foundation.framework */; };
		6E21714D1982BA8600C1F7CF /* AudioToolbox.framework in Frameworks */ = {isa = PBXBuildFile; fileRef = 6E121FEC1924BD85005E8532 /* AudioToolbox.framework */; };
		6E34197419A74BC800B73620 /* libcocos2d.a in Frameworks */ = {isa = PBXBuildFile; fileRef = 6E34132619A710CB00B73620 /* libcocos2d.a */; };
		6E3419D419A7503000B73620 /* libObjectiveChipmunk.a in Frameworks */ = {isa = PBXBuildFile; fileRef = 6E3419D319A74FA500B73620 /* libObjectiveChipmunk.a */; };
		6E341A0419A751E500B73620 /* libcocos2d.a in Frameworks */ = {isa = PBXBuildFile; fileRef = 6E34132619A710CB00B73620 /* libcocos2d.a */; };
		6E341A0519A751EC00B73620 /* libObjectiveChipmunk.a in Frameworks */ = {isa = PBXBuildFile; fileRef = 6E3419D319A74FA500B73620 /* libObjectiveChipmunk.a */; };
		6E341A9919A752A600B73620 /* libcocos2d.a in Frameworks */ = {isa = PBXBuildFile; fileRef = 6E341A9619A7529300B73620 /* libcocos2d.a */; };
		6E341A9A19A752AD00B73620 /* libObjectiveChipmunk.a in Frameworks */ = {isa = PBXBuildFile; fileRef = 6E341A0319A751DF00B73620 /* libObjectiveChipmunk.a */; };
		6E341AA819A755F100B73620 /* PUBLISH_FOLDER in Resources */ = {isa = PBXBuildFile; fileRef = 6E341AA719A755F100B73620 /* PUBLISH_FOLDER */; };
		6E341AA919A755F100B73620 /* PUBLISH_FOLDER in Resources */ = {isa = PBXBuildFile; fileRef = 6E341AA719A755F100B73620 /* PUBLISH_FOLDER */; };
		6E341AAA19A755F100B73620 /* PUBLISH_FOLDER in Resources */ = {isa = PBXBuildFile; fileRef = 6E341AA719A755F100B73620 /* PUBLISH_FOLDER */; };
		6E341AAC19A755F600B73620 /* INDIVIDUAL_IMAGES_EXAMPLE in Resources */ = {isa = PBXBuildFile; fileRef = 6E341AAB19A755F600B73620 /* INDIVIDUAL_IMAGES_EXAMPLE */; };
		6E341AAD19A755F600B73620 /* INDIVIDUAL_IMAGES_EXAMPLE in Resources */ = {isa = PBXBuildFile; fileRef = 6E341AAB19A755F600B73620 /* INDIVIDUAL_IMAGES_EXAMPLE */; };
		6E341AAE19A755F600B73620 /* INDIVIDUAL_IMAGES_EXAMPLE in Resources */ = {isa = PBXBuildFile; fileRef = 6E341AAB19A755F600B73620 /* INDIVIDUAL_IMAGES_EXAMPLE */; };
		6E341ADC19A7562C00B73620 /* LHSceneAssetsTest.mm in Sources */ = {isa = PBXBuildFile; fileRef = 6E341AB119A7562C00B73620 /* LHSceneAssetsTest.mm */; };
		6E341ADD19A7562C00B73620 /* LHSceneAssetsTest.mm in Sources */ = {isa = PBXBuildFile; fileRef = 6E341AB119A7562C00B73620 /* LHSceneAssetsTest.mm */; };
		6E341ADE19A7562C00B73620 /* LHSceneAssetsTest.mm in Sources */ = {isa = PBXBuildFile; fileRef = 6E341AB119A7562C00B73620 /* LHSceneAssetsTest.mm */; };
		6E341ADF19A7562C00B73620 /* LHSceneAssetsWithJointsTest.mm in Sources */ = {isa = PBXBuildFile; fileRef = 6E341AB319A7562C00B73620 /* LHSceneAssetsWithJointsTest.mm */; };
		6E341AE019A7562C00B73620 /* LHSceneAssetsWithJointsTest.mm in Sources */ = {isa = PBXBuildFile; fileRef = 6E341AB319A7562C00B73620 /* LHSceneAssetsWithJointsTest.mm */; };
		6E341AE119A7562C00B73620 /* LHSceneAssetsWithJointsTest.mm in Sources */ = {isa = PBXBuildFile; fileRef = 6E341AB319A7562C00B73620 /* LHSceneAssetsWithJointsTest.mm */; };
		6E341AE219A7562C00B73620 /* LHSceneBeziersTest.mm in Sources */ = {isa = PBXBuildFile; fileRef = 6E341AB519A7562C00B73620 /* LHSceneBeziersTest.mm */; };
		6E341AE319A7562C00B73620 /* LHSceneBeziersTest.mm in Sources */ = {isa = PBXBuildFile; fileRef = 6E341AB519A7562C00B73620 /* LHSceneBeziersTest.mm */; };
		6E341AE419A7562C00B73620 /* LHSceneBeziersTest.mm in Sources */ = {isa = PBXBuildFile; fileRef = 6E341AB519A7562C00B73620 /* LHSceneBeziersTest.mm */; };
		6E341AE519A7562C00B73620 /* LHSceneBodyScaleTest.mm in Sources */ = {isa = PBXBuildFile; fileRef = 6E341AB719A7562C00B73620 /* LHSceneBodyScaleTest.mm */; };
		6E341AE619A7562C00B73620 /* LHSceneBodyScaleTest.mm in Sources */ = {isa = PBXBuildFile; fileRef = 6E341AB719A7562C00B73620 /* LHSceneBodyScaleTest.mm */; };
		6E341AE719A7562C00B73620 /* LHSceneBodyScaleTest.mm in Sources */ = {isa = PBXBuildFile; fileRef = 6E341AB719A7562C00B73620 /* LHSceneBodyScaleTest.mm */; };
		6E341AE819A7562C00B73620 /* LHSceneCameraFollowTest.mm in Sources */ = {isa = PBXBuildFile; fileRef = 6E341AB919A7562C00B73620 /* LHSceneCameraFollowTest.mm */; };
		6E341AE919A7562C00B73620 /* LHSceneCameraFollowTest.mm in Sources */ = {isa = PBXBuildFile; fileRef = 6E341AB919A7562C00B73620 /* LHSceneCameraFollowTest.mm */; };
		6E341AEA19A7562C00B73620 /* LHSceneCameraFollowTest.mm in Sources */ = {isa = PBXBuildFile; fileRef = 6E341AB919A7562C00B73620 /* LHSceneCameraFollowTest.mm */; };
		6E341AEB19A7562C00B73620 /* LHSceneCameraTest.mm in Sources */ = {isa = PBXBuildFile; fileRef = 6E341ABB19A7562C00B73620 /* LHSceneCameraTest.mm */; };
		6E341AEC19A7562C00B73620 /* LHSceneCameraTest.mm in Sources */ = {isa = PBXBuildFile; fileRef = 6E341ABB19A7562C00B73620 /* LHSceneCameraTest.mm */; };
		6E341AED19A7562C00B73620 /* LHSceneCameraTest.mm in Sources */ = {isa = PBXBuildFile; fileRef = 6E341ABB19A7562C00B73620 /* LHSceneCameraTest.mm */; };
		6E341AEE19A7562C00B73620 /* LHSceneCarTest.mm in Sources */ = {isa = PBXBuildFile; fileRef = 6E341ABD19A7562C00B73620 /* LHSceneCarTest.mm */; };
		6E341AEF19A7562C00B73620 /* LHSceneCarTest.mm in Sources */ = {isa = PBXBuildFile; fileRef = 6E341ABD19A7562C00B73620 /* LHSceneCarTest.mm */; };
		6E341AF019A7562C00B73620 /* LHSceneCarTest.mm in Sources */ = {isa = PBXBuildFile; fileRef = 6E341ABD19A7562C00B73620 /* LHSceneCarTest.mm */; };
		6E341AF119A7562C00B73620 /* LHSceneCharacterAnimationTest.mm in Sources */ = {isa = PBXBuildFile; fileRef = 6E341ABF19A7562C00B73620 /* LHSceneCharacterAnimationTest.mm */; };
		6E341AF219A7562C00B73620 /* LHSceneCharacterAnimationTest.mm in Sources */ = {isa = PBXBuildFile; fileRef = 6E341ABF19A7562C00B73620 /* LHSceneCharacterAnimationTest.mm */; };
		6E341AF319A7562C00B73620 /* LHSceneCharacterAnimationTest.mm in Sources */ = {isa = PBXBuildFile; fileRef = 6E341ABF19A7562C00B73620 /* LHSceneCharacterAnimationTest.mm */; };
		6E341AF419A7562C00B73620 /* LHSceneCollisionFilteringTest.mm in Sources */ = {isa = PBXBuildFile; fileRef = 6E341AC119A7562C00B73620 /* LHSceneCollisionFilteringTest.mm */; };
		6E341AF519A7562C00B73620 /* LHSceneCollisionFilteringTest.mm in Sources */ = {isa = PBXBuildFile; fileRef = 6E341AC119A7562C00B73620 /* LHSceneCollisionFilteringTest.mm */; };
		6E341AF619A7562C00B73620 /* LHSceneCollisionFilteringTest.mm in Sources */ = {isa = PBXBuildFile; fileRef = 6E341AC119A7562C00B73620 /* LHSceneCollisionFilteringTest.mm */; };
		6E341AF719A7562C00B73620 /* LHSceneCollisionHandlingTest.mm in Sources */ = {isa = PBXBuildFile; fileRef = 6E341AC319A7562C00B73620 /* LHSceneCollisionHandlingTest.mm */; };
		6E341AF819A7562C00B73620 /* LHSceneCollisionHandlingTest.mm in Sources */ = {isa = PBXBuildFile; fileRef = 6E341AC319A7562C00B73620 /* LHSceneCollisionHandlingTest.mm */; };
		6E341AF919A7562C00B73620 /* LHSceneCollisionHandlingTest.mm in Sources */ = {isa = PBXBuildFile; fileRef = 6E341AC319A7562C00B73620 /* LHSceneCollisionHandlingTest.mm */; };
		6E341AFA19A7562C00B73620 /* LHSceneDemo.mm in Sources */ = {isa = PBXBuildFile; fileRef = 6E341AC519A7562C00B73620 /* LHSceneDemo.mm */; };
		6E341AFB19A7562C00B73620 /* LHSceneDemo.mm in Sources */ = {isa = PBXBuildFile; fileRef = 6E341AC519A7562C00B73620 /* LHSceneDemo.mm */; };
		6E341AFC19A7562C00B73620 /* LHSceneDemo.mm in Sources */ = {isa = PBXBuildFile; fileRef = 6E341AC519A7562C00B73620 /* LHSceneDemo.mm */; };
		6E341AFD19A7562C00B73620 /* LHSceneGearJointsTest.mm in Sources */ = {isa = PBXBuildFile; fileRef = 6E341AC719A7562C00B73620 /* LHSceneGearJointsTest.mm */; };
		6E341AFE19A7562C00B73620 /* LHSceneGearJointsTest.mm in Sources */ = {isa = PBXBuildFile; fileRef = 6E341AC719A7562C00B73620 /* LHSceneGearJointsTest.mm */; };
		6E341AFF19A7562C00B73620 /* LHSceneGearJointsTest.mm in Sources */ = {isa = PBXBuildFile; fileRef = 6E341AC719A7562C00B73620 /* LHSceneGearJointsTest.mm */; };
		6E341B0019A7562C00B73620 /* LHSceneGravityAreasTest.mm in Sources */ = {isa = PBXBuildFile; fileRef = 6E341AC919A7562C00B73620 /* LHSceneGravityAreasTest.mm */; };
		6E341B0119A7562C00B73620 /* LHSceneGravityAreasTest.mm in Sources */ = {isa = PBXBuildFile; fileRef = 6E341AC919A7562C00B73620 /* LHSceneGravityAreasTest.mm */; };
		6E341B0219A7562C00B73620 /* LHSceneGravityAreasTest.mm in Sources */ = {isa = PBXBuildFile; fileRef = 6E341AC919A7562C00B73620 /* LHSceneGravityAreasTest.mm */; };
		6E341B0319A7562C00B73620 /* LHSceneIntroduction.mm in Sources */ = {isa = PBXBuildFile; fileRef = 6E341ACB19A7562C00B73620 /* LHSceneIntroduction.mm */; };
		6E341B0419A7562C00B73620 /* LHSceneIntroduction.mm in Sources */ = {isa = PBXBuildFile; fileRef = 6E341ACB19A7562C00B73620 /* LHSceneIntroduction.mm */; };
		6E341B0519A7562C00B73620 /* LHSceneIntroduction.mm in Sources */ = {isa = PBXBuildFile; fileRef = 6E341ACB19A7562C00B73620 /* LHSceneIntroduction.mm */; };
		6E341B0619A7562C00B73620 /* LHSceneJointsTest.mm in Sources */ = {isa = PBXBuildFile; fileRef = 6E341ACD19A7562C00B73620 /* LHSceneJointsTest.mm */; };
		6E341B0719A7562C00B73620 /* LHSceneJointsTest.mm in Sources */ = {isa = PBXBuildFile; fileRef = 6E341ACD19A7562C00B73620 /* LHSceneJointsTest.mm */; };
		6E341B0819A7562C00B73620 /* LHSceneJointsTest.mm in Sources */ = {isa = PBXBuildFile; fileRef = 6E341ACD19A7562C00B73620 /* LHSceneJointsTest.mm */; };
		6E341B0919A7562C00B73620 /* LHSceneParallaxTest.mm in Sources */ = {isa = PBXBuildFile; fileRef = 6E341ACF19A7562C00B73620 /* LHSceneParallaxTest.mm */; };
		6E341B0A19A7562C00B73620 /* LHSceneParallaxTest.mm in Sources */ = {isa = PBXBuildFile; fileRef = 6E341ACF19A7562C00B73620 /* LHSceneParallaxTest.mm */; };
		6E341B0B19A7562C00B73620 /* LHSceneParallaxTest.mm in Sources */ = {isa = PBXBuildFile; fileRef = 6E341ACF19A7562C00B73620 /* LHSceneParallaxTest.mm */; };
		6E341B0C19A7562C00B73620 /* LHSceneRemoveOnCollisionTest.mm in Sources */ = {isa = PBXBuildFile; fileRef = 6E341AD119A7562C00B73620 /* LHSceneRemoveOnCollisionTest.mm */; };
		6E341B0D19A7562C00B73620 /* LHSceneRemoveOnCollisionTest.mm in Sources */ = {isa = PBXBuildFile; fileRef = 6E341AD119A7562C00B73620 /* LHSceneRemoveOnCollisionTest.mm */; };
		6E341B0E19A7562C00B73620 /* LHSceneRemoveOnCollisionTest.mm in Sources */ = {isa = PBXBuildFile; fileRef = 6E341AD119A7562C00B73620 /* LHSceneRemoveOnCollisionTest.mm */; };
		6E341B0F19A7562C00B73620 /* LHSceneRopeJointTest.mm in Sources */ = {isa = PBXBuildFile; fileRef = 6E341AD319A7562C00B73620 /* LHSceneRopeJointTest.mm */; };
		6E341B1019A7562C00B73620 /* LHSceneRopeJointTest.mm in Sources */ = {isa = PBXBuildFile; fileRef = 6E341AD319A7562C00B73620 /* LHSceneRopeJointTest.mm */; };
		6E341B1119A7562C00B73620 /* LHSceneRopeJointTest.mm in Sources */ = {isa = PBXBuildFile; fileRef = 6E341AD319A7562C00B73620 /* LHSceneRopeJointTest.mm */; };
		6E341B1219A7562C00B73620 /* LHSceneShapesTest.mm in Sources */ = {isa = PBXBuildFile; fileRef = 6E341AD519A7562C00B73620 /* LHSceneShapesTest.mm */; };
		6E341B1319A7562C00B73620 /* LHSceneShapesTest.mm in Sources */ = {isa = PBXBuildFile; fileRef = 6E341AD519A7562C00B73620 /* LHSceneShapesTest.mm */; };
		6E341B1419A7562C00B73620 /* LHSceneShapesTest.mm in Sources */ = {isa = PBXBuildFile; fileRef = 6E341AD519A7562C00B73620 /* LHSceneShapesTest.mm */; };
		6E341B1519A7562C00B73620 /* LHSceneSpriteSheetAnimationTest.mm in Sources */ = {isa = PBXBuildFile; fileRef = 6E341AD719A7562C00B73620 /* LHSceneSpriteSheetAnimationTest.mm */; };
		6E341B1619A7562C00B73620 /* LHSceneSpriteSheetAnimationTest.mm in Sources */ = {isa = PBXBuildFile; fileRef = 6E341AD719A7562C00B73620 /* LHSceneSpriteSheetAnimationTest.mm */; };
		6E341B1719A7562C00B73620 /* LHSceneSpriteSheetAnimationTest.mm in Sources */ = {isa = PBXBuildFile; fileRef = 6E341AD719A7562C00B73620 /* LHSceneSpriteSheetAnimationTest.mm */; };
		6E341B1819A7562C00B73620 /* LHSceneUserPropertiesTest.mm in Sources */ = {isa = PBXBuildFile; fileRef = 6E341AD919A7562C00B73620 /* LHSceneUserPropertiesTest.mm */; };
		6E341B1919A7562C00B73620 /* LHSceneUserPropertiesTest.mm in Sources */ = {isa = PBXBuildFile; fileRef = 6E341AD919A7562C00B73620 /* LHSceneUserPropertiesTest.mm */; };
		6E341B1A19A7562C00B73620 /* LHSceneUserPropertiesTest.mm in Sources */ = {isa = PBXBuildFile; fileRef = 6E341AD919A7562C00B73620 /* LHSceneUserPropertiesTest.mm */; };
		6E341B1B19A7562C00B73620 /* LHSceneWaterAreaTest.mm in Sources */ = {isa = PBXBuildFile; fileRef = 6E341ADB19A7562C00B73620 /* LHSceneWaterAreaTest.mm */; };
		6E341B1C19A7562C00B73620 /* LHSceneWaterAreaTest.mm in Sources */ = {isa = PBXBuildFile; fileRef = 6E341ADB19A7562C00B73620 /* LHSceneWaterAreaTest.mm */; };
		6E341B1D19A7562C00B73620 /* LHSceneWaterAreaTest.mm in Sources */ = {isa = PBXBuildFile; fileRef = 6E341ADB19A7562C00B73620 /* LHSceneWaterAreaTest.mm */; };
		6E4026921982BC32002B4D32 /* OpenGL.framework in Frameworks */ = {isa = PBXBuildFile; fileRef = 6E4026911982BC32002B4D32 /* OpenGL.framework */; };
		6E4026941982BC50002B4D32 /* AppKit.framework in Frameworks */ = {isa = PBXBuildFile; fileRef = 6E4026931982BC50002B4D32 /* AppKit.framework */; };
		6E4026981982BD55002B4D32 /* main.m in Sources */ = {isa = PBXBuildFile; fileRef = 6E4026961982BD55002B4D32 /* main.m */; };
		6E40269B1982BDE4002B4D32 /* AppDelegateMacOS.m in Sources */ = {isa = PBXBuildFile; fileRef = 6E40269A1982BDE4002B4D32 /* AppDelegateMacOS.m */; };
		6E40269D1982BE30002B4D32 /* MainMenu.xib in Resources */ = {isa = PBXBuildFile; fileRef = 6E40269C1982BE30002B4D32 /* MainMenu.xib */; };
		6E89FE33192E261E0040478F /* LHSceneSubclass.mm in Sources */ = {isa = PBXBuildFile; fileRef = 6E89FE32192E261E0040478F /* LHSceneSubclass.mm */; };
		6E9FD2C119A5001D0046CDBD /* libLevelHelper2-API.a in Frameworks */ = {isa = PBXBuildFile; fileRef = 6E9FC74619A4F1E50046CDBD /* libLevelHelper2-API.a */; };
		6E9FD2D119A5044F0046CDBD /* libLevelHelper2-API.a in Frameworks */ = {isa = PBXBuildFile; fileRef = 6E9FC74819A4F1E50046CDBD /* libLevelHelper2-API.a */; };
		6EF5DD2419A50DBB00D5D289 /* libLevelHelper2-API.a in Frameworks */ = {isa = PBXBuildFile; fileRef = 6E9FC74A19A4F1E50046CDBD /* libLevelHelper2-API.a */; };
/* End PBXBuildFile section */

/* Begin PBXContainerItemProxy section */
		6E34132519A710CB00B73620 /* PBXContainerItemProxy */ = {
			isa = PBXContainerItemProxy;
			containerPortal = 6E34132119A710CB00B73620 /* cocos2d.xcodeproj */;
			proxyType = 2;
			remoteGlobalIDString = 6E3412F819A710A100B73620;
			remoteInfo = cocos2d;
		};
		6E34197219A74BBF00B73620 /* PBXContainerItemProxy */ = {
			isa = PBXContainerItemProxy;
			containerPortal = 6E34132119A710CB00B73620 /* cocos2d.xcodeproj */;
			proxyType = 1;
			remoteGlobalIDString = 6E3412F719A710A100B73620;
			remoteInfo = cocos2d;
		};
		6E3419D219A74FA500B73620 /* PBXContainerItemProxy */ = {
			isa = PBXContainerItemProxy;
			containerPortal = 6E34132119A710CB00B73620 /* cocos2d.xcodeproj */;
			proxyType = 2;
			remoteGlobalIDString = 6E34198B19A74F5300B73620;
			remoteInfo = ObjectiveChipmunk;
		};
		6E3419FF19A751DF00B73620 /* PBXContainerItemProxy */ = {
			isa = PBXContainerItemProxy;
			containerPortal = 6E34132119A710CB00B73620 /* cocos2d.xcodeproj */;
			proxyType = 1;
			remoteGlobalIDString = 6E3412F719A710A100B73620;
			remoteInfo = cocos2d;
		};
		6E341A0219A751DF00B73620 /* PBXContainerItemProxy */ = {
			isa = PBXContainerItemProxy;
			containerPortal = 6E34132119A710CB00B73620 /* cocos2d.xcodeproj */;
			proxyType = 2;
			remoteGlobalIDString = 6E3419FE19A7508000B73620;
			remoteInfo = "ObjectiveChipmunk-MAC";
		};
		6E341A9519A7529300B73620 /* PBXContainerItemProxy */ = {
			isa = PBXContainerItemProxy;
			containerPortal = 6E34132119A710CB00B73620 /* cocos2d.xcodeproj */;
			proxyType = 2;
			remoteGlobalIDString = 6E341A9319A7525B00B73620;
			remoteInfo = "cocos2d-MAC";
		};
		6E341A9719A7529D00B73620 /* PBXContainerItemProxy */ = {
			isa = PBXContainerItemProxy;
			containerPortal = 6E34132119A710CB00B73620 /* cocos2d.xcodeproj */;
			proxyType = 1;
			remoteGlobalIDString = 6E341A0619A7525B00B73620;
			remoteInfo = "cocos2d-MAC";
		};
		6E9FC73E19A4F1E50046CDBD /* PBXContainerItemProxy */ = {
			isa = PBXContainerItemProxy;
			containerPortal = 6E9FC73619A4F1E40046CDBD /* Box2D.xcodeproj */;
			proxyType = 2;
			remoteGlobalIDString = 6EDE88E319A48EEF00599C48;
			remoteInfo = Box2D;
		};
		6E9FC74019A4F1E50046CDBD /* PBXContainerItemProxy */ = {
			isa = PBXContainerItemProxy;
			containerPortal = 6E9FC73619A4F1E40046CDBD /* Box2D.xcodeproj */;
			proxyType = 2;
			remoteGlobalIDString = 6EDE8B0F19A4976900599C48;
			remoteInfo = "Box2D-OSX";
		};
		6E9FC74519A4F1E50046CDBD /* PBXContainerItemProxy */ = {
			isa = PBXContainerItemProxy;
			containerPortal = 6E9FC73919A4F1E40046CDBD /* LevelHelper2-API.xcodeproj */;
			proxyType = 2;
			remoteGlobalIDString = 6EDE843919A483A200599C48;
			remoteInfo = "LevelHelper2-API";
		};
		6E9FC74719A4F1E50046CDBD /* PBXContainerItemProxy */ = {
			isa = PBXContainerItemProxy;
			containerPortal = 6E9FC73919A4F1E40046CDBD /* LevelHelper2-API.xcodeproj */;
			proxyType = 2;
			remoteGlobalIDString = 6EDE871519A4898100599C48;
			remoteInfo = "LevelHelper2-API+Box2d";
		};
		6E9FC74919A4F1E50046CDBD /* PBXContainerItemProxy */ = {
			isa = PBXContainerItemProxy;
			containerPortal = 6E9FC73919A4F1E40046CDBD /* LevelHelper2-API.xcodeproj */;
			proxyType = 2;
			remoteGlobalIDString = 6EDE8B7C19A4986C00599C48;
			remoteInfo = "LevelHelper2-API+Box2d-OSX";
		};
		6E9FD2A119A4FBFD0046CDBD /* PBXContainerItemProxy */ = {
			isa = PBXContainerItemProxy;
			containerPortal = 6E9FC73919A4F1E40046CDBD /* LevelHelper2-API.xcodeproj */;
			proxyType = 1;
			remoteGlobalIDString = 6EDE843819A483A200599C48;
			remoteInfo = "LevelHelper2-API";
		};
		6E9FD2CF19A504420046CDBD /* PBXContainerItemProxy */ = {
			isa = PBXContainerItemProxy;
			containerPortal = 6E9FC73919A4F1E40046CDBD /* LevelHelper2-API.xcodeproj */;
			proxyType = 1;
			remoteGlobalIDString = 6EDE86AA19A4898100599C48;
			remoteInfo = "LevelHelper2-API+Box2d";
		};
		6EF5DD0019A50C3900D5D289 /* PBXContainerItemProxy */ = {
			isa = PBXContainerItemProxy;
			containerPortal = 6E9FC73919A4F1E40046CDBD /* LevelHelper2-API.xcodeproj */;
			proxyType = 1;
			remoteGlobalIDString = 6EDE8B1019A4986C00599C48;
			remoteInfo = "LevelHelper2-API+Box2d-OSX";
		};
/* End PBXContainerItemProxy section */

/* Begin PBXFileReference section */
		6E0D56A3194C32A30036E940 /* LevelHelper2-Cocos2d-v3+Box2D.app */ = {isa = PBXFileReference; explicitFileType = wrapper.application; includeInIndex = 0; path = "LevelHelper2-Cocos2d-v3+Box2D.app"; sourceTree = BUILT_PRODUCTS_DIR; };
		6E0D56A4194C32A30036E940 /* Info+Box2D.plist */ = {isa = PBXFileReference; lastKnownFileType = text.plist.xml; name = "Info+Box2D.plist"; path = "/Volumes/PersonalFiles/Projects/PrivateProjects/LevelHelper2-API-GITHUB/Cocos2d.v3/Info+Box2D.plist"; sourceTree = "<absolute>"; };
		6E121FE31924BD85005E8532 /* LevelHelper2-Cocos2d-v3+Chipmunk-iOS.app */ = {isa = PBXFileReference; explicitFileType = wrapper.application; includeInIndex = 0; path = "LevelHelper2-Cocos2d-v3+Chipmunk-iOS.app"; sourceTree = BUILT_PRODUCTS_DIR; };
		6E121FE61924BD85005E8532 /* QuartzCore.framework */ = {isa = PBXFileReference; lastKnownFileType = wrapper.framework; name = QuartzCore.framework; path = System/Library/Frameworks/QuartzCore.framework; sourceTree = SDKROOT; };
		6E121FE81924BD85005E8532 /* OpenGLES.framework */ = {isa = PBXFileReference; lastKnownFileType = wrapper.framework; name = OpenGLES.framework; path = System/Library/Frameworks/OpenGLES.framework; sourceTree = SDKROOT; };
		6E121FEA1924BD85005E8532 /* OpenAL.framework */ = {isa = PBXFileReference; lastKnownFileType = wrapper.framework; name = OpenAL.framework; path = System/Library/Frameworks/OpenAL.framework; sourceTree = SDKROOT; };
		6E121FEC1924BD85005E8532 /* AudioToolbox.framework */ = {isa = PBXFileReference; lastKnownFileType = wrapper.framework; name = AudioToolbox.framework; path = System/Library/Frameworks/AudioToolbox.framework; sourceTree = SDKROOT; };
		6E121FEE1924BD85005E8532 /* AVFoundation.framework */ = {isa = PBXFileReference; lastKnownFileType = wrapper.framework; name = AVFoundation.framework; path = System/Library/Frameworks/AVFoundation.framework; sourceTree = SDKROOT; };
		6E121FF01924BD85005E8532 /* UIKit.framework */ = {isa = PBXFileReference; lastKnownFileType = wrapper.framework; name = UIKit.framework; path = System/Library/Frameworks/UIKit.framework; sourceTree = SDKROOT; };
		6E121FF21924BD85005E8532 /* Foundation.framework */ = {isa = PBXFileReference; lastKnownFileType = wrapper.framework; name = Foundation.framework; path = System/Library/Frameworks/Foundation.framework; sourceTree = SDKROOT; };
		6E121FF41924BD85005E8532 /* CoreGraphics.framework */ = {isa = PBXFileReference; lastKnownFileType = wrapper.framework; name = CoreGraphics.framework; path = System/Library/Frameworks/CoreGraphics.framework; sourceTree = SDKROOT; };
		6E121FF61924BD85005E8532 /* CoreText.framework */ = {isa = PBXFileReference; lastKnownFileType = wrapper.framework; name = CoreText.framework; path = System/Library/Frameworks/CoreText.framework; sourceTree = SDKROOT; };
		6E1220001924BD85005E8532 /* Default.png */ = {isa = PBXFileReference; lastKnownFileType = image.png; name = Default.png; path = Resources/Default.png; sourceTree = "<group>"; };
		6E1220021924BD85005E8532 /* Default@2x.png */ = {isa = PBXFileReference; lastKnownFileType = image.png; name = "Default@2x.png"; path = "Resources/Default@2x.png"; sourceTree = "<group>"; };
		6E1220041924BD85005E8532 /* Default-568h@2x.png */ = {isa = PBXFileReference; lastKnownFileType = image.png; name = "Default-568h@2x.png"; path = "Resources/Default-568h@2x.png"; sourceTree = "<group>"; };
		6E1220061924BD85005E8532 /* Default-Landscape~ipad.png */ = {isa = PBXFileReference; lastKnownFileType = image.png; name = "Default-Landscape~ipad.png"; path = "Resources/Default-Landscape~ipad.png"; sourceTree = "<group>"; };
		6E1220091924BD85005E8532 /* Icon.png */ = {isa = PBXFileReference; lastKnownFileType = image.png; name = Icon.png; path = Resources/Icons/Icon.png; sourceTree = "<group>"; };
		6E12200B1924BD85005E8532 /* Icon@2x.png */ = {isa = PBXFileReference; lastKnownFileType = image.png; name = "Icon@2x.png"; path = "Resources/Icons/Icon@2x.png"; sourceTree = "<group>"; };
		6E12200D1924BD85005E8532 /* Icon-72.png */ = {isa = PBXFileReference; lastKnownFileType = image.png; name = "Icon-72.png"; path = "Resources/Icons/Icon-72.png"; sourceTree = "<group>"; };
		6E12200F1924BD85005E8532 /* Icon-72@2x.png */ = {isa = PBXFileReference; lastKnownFileType = image.png; name = "Icon-72@2x.png"; path = "Resources/Icons/Icon-72@2x.png"; sourceTree = "<group>"; };
		6E1220111924BD85005E8532 /* Icon-76.png */ = {isa = PBXFileReference; lastKnownFileType = image.png; name = "Icon-76.png"; path = "Resources/Icons/Icon-76.png"; sourceTree = "<group>"; };
		6E1220131924BD85005E8532 /* Icon-76@2x.png */ = {isa = PBXFileReference; lastKnownFileType = image.png; name = "Icon-76@2x.png"; path = "Resources/Icons/Icon-76@2x.png"; sourceTree = "<group>"; };
		6E1220151924BD85005E8532 /* Icon-120.png */ = {isa = PBXFileReference; lastKnownFileType = image.png; name = "Icon-120.png"; path = "Resources/Icons/Icon-120.png"; sourceTree = "<group>"; };
		6E1220171924BD85005E8532 /* Icon-iPad-Spotlight-iOS7@2x.png */ = {isa = PBXFileReference; lastKnownFileType = image.png; name = "Icon-iPad-Spotlight-iOS7@2x.png"; path = "Resources/Icons/Icon-iPad-Spotlight-iOS7@2x.png"; sourceTree = "<group>"; };
		6E1220191924BD85005E8532 /* Icon-Small-50.png */ = {isa = PBXFileReference; lastKnownFileType = image.png; name = "Icon-Small-50.png"; path = "Resources/Icons/Icon-Small-50.png"; sourceTree = "<group>"; };
		6E12201B1924BD85005E8532 /* Icon-Small.png */ = {isa = PBXFileReference; lastKnownFileType = image.png; name = "Icon-Small.png"; path = "Resources/Icons/Icon-Small.png"; sourceTree = "<group>"; };
		6E12201D1924BD85005E8532 /* Icon-Small@2x.png */ = {isa = PBXFileReference; lastKnownFileType = image.png; name = "Icon-Small@2x.png"; path = "Resources/Icons/Icon-Small@2x.png"; sourceTree = "<group>"; };
		6E12201F1924BD85005E8532 /* Icon-Spotlight-iOS7.png */ = {isa = PBXFileReference; lastKnownFileType = image.png; name = "Icon-Spotlight-iOS7.png"; path = "Resources/Icons/Icon-Spotlight-iOS7.png"; sourceTree = "<group>"; };
		6E1220211924BD85005E8532 /* Icon-Spotlight-iOS7@2x.png */ = {isa = PBXFileReference; lastKnownFileType = image.png; name = "Icon-Spotlight-iOS7@2x.png"; path = "Resources/Icons/Icon-Spotlight-iOS7@2x.png"; sourceTree = "<group>"; };
		6E1220231924BD85005E8532 /* Info.plist */ = {isa = PBXFileReference; lastKnownFileType = text.plist.xml; name = Info.plist; path = Resources/Info.plist; sourceTree = "<group>"; };
		6E1220241924BD85005E8532 /* iTunesArtwork */ = {isa = PBXFileReference; lastKnownFileType = file; name = iTunesArtwork; path = ../iTunesArtwork; sourceTree = "<group>"; };
		6E1220261924BD85005E8532 /* iTunesArtwork@2x */ = {isa = PBXFileReference; lastKnownFileType = file; name = "iTunesArtwork@2x"; path = "../iTunesArtwork@2x"; sourceTree = "<group>"; };
		6E12228A1924BD88005E8532 /* Prefix.pch */ = {isa = PBXFileReference; lastKnownFileType = sourcecode.c.h; name = Prefix.pch; path = "Supporting Files/Prefix.pch"; sourceTree = "<group>"; };
		6E12228B1924BD88005E8532 /* main.m */ = {isa = PBXFileReference; lastKnownFileType = sourcecode.c.objc; name = main.m; path = "Supporting Files/main.m"; sourceTree = "<group>"; };
		6E12228E1924BD88005E8532 /* AppDelegate.h */ = {isa = PBXFileReference; lastKnownFileType = sourcecode.c.h; name = AppDelegate.h; path = Classes/AppDelegate.h; sourceTree = "<group>"; };
		6E12228F1924BD88005E8532 /* AppDelegate.m */ = {isa = PBXFileReference; lastKnownFileType = sourcecode.c.objc; name = AppDelegate.m; path = Classes/AppDelegate.m; sourceTree = "<group>"; };
		6E21716E1982BA8600C1F7CF /* LevelHelper2-Cocos2d-v3+Box2d MAC OS.app */ = {isa = PBXFileReference; explicitFileType = wrapper.application; includeInIndex = 0; path = "LevelHelper2-Cocos2d-v3+Box2d MAC OS.app"; sourceTree = BUILT_PRODUCTS_DIR; };
		6E21716F1982BA8600C1F7CF /* Info+Box2dMacOS.plist */ = {isa = PBXFileReference; lastKnownFileType = text.plist.xml; name = "Info+Box2dMacOS.plist"; path = "/Volumes/PersonalFiles/Projects/PrivateProjects/LevelHelper2-API-GITHUB/Cocos2d.v3/Info+Box2dMacOS.plist"; sourceTree = "<absolute>"; };
		6E34132119A710CB00B73620 /* cocos2d.xcodeproj */ = {isa = PBXFileReference; lastKnownFileType = "wrapper.pb-project"; name = cocos2d.xcodeproj; path = cocos2d/cocos2d.xcodeproj; sourceTree = "<group>"; };
		6E341AA719A755F100B73620 /* PUBLISH_FOLDER */ = {isa = PBXFileReference; lastKnownFileType = folder; name = PUBLISH_FOLDER; path = DEMO/PUBLISH_FOLDER; sourceTree = "<group>"; };
		6E341AAB19A755F600B73620 /* INDIVIDUAL_IMAGES_EXAMPLE */ = {isa = PBXFileReference; lastKnownFileType = folder; name = INDIVIDUAL_IMAGES_EXAMPLE; path = DEMO/INDIVIDUAL_IMAGES_EXAMPLE; sourceTree = "<group>"; };
		6E341AB019A7562C00B73620 /* LHSceneAssetsTest.h */ = {isa = PBXFileReference; fileEncoding = 4; lastKnownFileType = sourcecode.c.h; path = LHSceneAssetsTest.h; sourceTree = "<group>"; };
		6E341AB119A7562C00B73620 /* LHSceneAssetsTest.mm */ = {isa = PBXFileReference; fileEncoding = 4; lastKnownFileType = sourcecode.cpp.objcpp; path = LHSceneAssetsTest.mm; sourceTree = "<group>"; };
		6E341AB219A7562C00B73620 /* LHSceneAssetsWithJointsTest.h */ = {isa = PBXFileReference; fileEncoding = 4; lastKnownFileType = sourcecode.c.h; path = LHSceneAssetsWithJointsTest.h; sourceTree = "<group>"; };
		6E341AB319A7562C00B73620 /* LHSceneAssetsWithJointsTest.mm */ = {isa = PBXFileReference; fileEncoding = 4; lastKnownFileType = sourcecode.cpp.objcpp; path = LHSceneAssetsWithJointsTest.mm; sourceTree = "<group>"; };
		6E341AB419A7562C00B73620 /* LHSceneBeziersTest.h */ = {isa = PBXFileReference; fileEncoding = 4; lastKnownFileType = sourcecode.c.h; path = LHSceneBeziersTest.h; sourceTree = "<group>"; };
		6E341AB519A7562C00B73620 /* LHSceneBeziersTest.mm */ = {isa = PBXFileReference; fileEncoding = 4; lastKnownFileType = sourcecode.cpp.objcpp; path = LHSceneBeziersTest.mm; sourceTree = "<group>"; };
		6E341AB619A7562C00B73620 /* LHSceneBodyScaleTest.h */ = {isa = PBXFileReference; fileEncoding = 4; lastKnownFileType = sourcecode.c.h; path = LHSceneBodyScaleTest.h; sourceTree = "<group>"; };
		6E341AB719A7562C00B73620 /* LHSceneBodyScaleTest.mm */ = {isa = PBXFileReference; fileEncoding = 4; lastKnownFileType = sourcecode.cpp.objcpp; path = LHSceneBodyScaleTest.mm; sourceTree = "<group>"; };
		6E341AB819A7562C00B73620 /* LHSceneCameraFollowTest.h */ = {isa = PBXFileReference; fileEncoding = 4; lastKnownFileType = sourcecode.c.h; path = LHSceneCameraFollowTest.h; sourceTree = "<group>"; };
		6E341AB919A7562C00B73620 /* LHSceneCameraFollowTest.mm */ = {isa = PBXFileReference; fileEncoding = 4; lastKnownFileType = sourcecode.cpp.objcpp; path = LHSceneCameraFollowTest.mm; sourceTree = "<group>"; };
		6E341ABA19A7562C00B73620 /* LHSceneCameraTest.h */ = {isa = PBXFileReference; fileEncoding = 4; lastKnownFileType = sourcecode.c.h; path = LHSceneCameraTest.h; sourceTree = "<group>"; };
		6E341ABB19A7562C00B73620 /* LHSceneCameraTest.mm */ = {isa = PBXFileReference; fileEncoding = 4; lastKnownFileType = sourcecode.cpp.objcpp; path = LHSceneCameraTest.mm; sourceTree = "<group>"; };
		6E341ABC19A7562C00B73620 /* LHSceneCarTest.h */ = {isa = PBXFileReference; fileEncoding = 4; lastKnownFileType = sourcecode.c.h; path = LHSceneCarTest.h; sourceTree = "<group>"; };
		6E341ABD19A7562C00B73620 /* LHSceneCarTest.mm */ = {isa = PBXFileReference; fileEncoding = 4; lastKnownFileType = sourcecode.cpp.objcpp; path = LHSceneCarTest.mm; sourceTree = "<group>"; };
		6E341ABE19A7562C00B73620 /* LHSceneCharacterAnimationTest.h */ = {isa = PBXFileReference; fileEncoding = 4; lastKnownFileType = sourcecode.c.h; path = LHSceneCharacterAnimationTest.h; sourceTree = "<group>"; };
		6E341ABF19A7562C00B73620 /* LHSceneCharacterAnimationTest.mm */ = {isa = PBXFileReference; fileEncoding = 4; lastKnownFileType = sourcecode.cpp.objcpp; path = LHSceneCharacterAnimationTest.mm; sourceTree = "<group>"; };
		6E341AC019A7562C00B73620 /* LHSceneCollisionFilteringTest.h */ = {isa = PBXFileReference; fileEncoding = 4; lastKnownFileType = sourcecode.c.h; path = LHSceneCollisionFilteringTest.h; sourceTree = "<group>"; };
		6E341AC119A7562C00B73620 /* LHSceneCollisionFilteringTest.mm */ = {isa = PBXFileReference; fileEncoding = 4; lastKnownFileType = sourcecode.cpp.objcpp; path = LHSceneCollisionFilteringTest.mm; sourceTree = "<group>"; };
		6E341AC219A7562C00B73620 /* LHSceneCollisionHandlingTest.h */ = {isa = PBXFileReference; fileEncoding = 4; lastKnownFileType = sourcecode.c.h; path = LHSceneCollisionHandlingTest.h; sourceTree = "<group>"; };
		6E341AC319A7562C00B73620 /* LHSceneCollisionHandlingTest.mm */ = {isa = PBXFileReference; fileEncoding = 4; lastKnownFileType = sourcecode.cpp.objcpp; path = LHSceneCollisionHandlingTest.mm; sourceTree = "<group>"; };
		6E341AC419A7562C00B73620 /* LHSceneDemo.h */ = {isa = PBXFileReference; fileEncoding = 4; lastKnownFileType = sourcecode.c.h; path = LHSceneDemo.h; sourceTree = "<group>"; };
		6E341AC519A7562C00B73620 /* LHSceneDemo.mm */ = {isa = PBXFileReference; fileEncoding = 4; lastKnownFileType = sourcecode.cpp.objcpp; path = LHSceneDemo.mm; sourceTree = "<group>"; };
		6E341AC619A7562C00B73620 /* LHSceneGearJointsTest.h */ = {isa = PBXFileReference; fileEncoding = 4; lastKnownFileType = sourcecode.c.h; path = LHSceneGearJointsTest.h; sourceTree = "<group>"; };
		6E341AC719A7562C00B73620 /* LHSceneGearJointsTest.mm */ = {isa = PBXFileReference; fileEncoding = 4; lastKnownFileType = sourcecode.cpp.objcpp; path = LHSceneGearJointsTest.mm; sourceTree = "<group>"; };
		6E341AC819A7562C00B73620 /* LHSceneGravityAreasTest.h */ = {isa = PBXFileReference; fileEncoding = 4; lastKnownFileType = sourcecode.c.h; path = LHSceneGravityAreasTest.h; sourceTree = "<group>"; };
		6E341AC919A7562C00B73620 /* LHSceneGravityAreasTest.mm */ = {isa = PBXFileReference; fileEncoding = 4; lastKnownFileType = sourcecode.cpp.objcpp; path = LHSceneGravityAreasTest.mm; sourceTree = "<group>"; };
		6E341ACA19A7562C00B73620 /* LHSceneIntroduction.h */ = {isa = PBXFileReference; fileEncoding = 4; lastKnownFileType = sourcecode.c.h; path = LHSceneIntroduction.h; sourceTree = "<group>"; };
		6E341ACB19A7562C00B73620 /* LHSceneIntroduction.mm */ = {isa = PBXFileReference; fileEncoding = 4; lastKnownFileType = sourcecode.cpp.objcpp; path = LHSceneIntroduction.mm; sourceTree = "<group>"; };
		6E341ACC19A7562C00B73620 /* LHSceneJointsTest.h */ = {isa = PBXFileReference; fileEncoding = 4; lastKnownFileType = sourcecode.c.h; path = LHSceneJointsTest.h; sourceTree = "<group>"; };
		6E341ACD19A7562C00B73620 /* LHSceneJointsTest.mm */ = {isa = PBXFileReference; fileEncoding = 4; lastKnownFileType = sourcecode.cpp.objcpp; path = LHSceneJointsTest.mm; sourceTree = "<group>"; };
		6E341ACE19A7562C00B73620 /* LHSceneParallaxTest.h */ = {isa = PBXFileReference; fileEncoding = 4; lastKnownFileType = sourcecode.c.h; path = LHSceneParallaxTest.h; sourceTree = "<group>"; };
		6E341ACF19A7562C00B73620 /* LHSceneParallaxTest.mm */ = {isa = PBXFileReference; fileEncoding = 4; lastKnownFileType = sourcecode.cpp.objcpp; path = LHSceneParallaxTest.mm; sourceTree = "<group>"; };
		6E341AD019A7562C00B73620 /* LHSceneRemoveOnCollisionTest.h */ = {isa = PBXFileReference; fileEncoding = 4; lastKnownFileType = sourcecode.c.h; path = LHSceneRemoveOnCollisionTest.h; sourceTree = "<group>"; };
		6E341AD119A7562C00B73620 /* LHSceneRemoveOnCollisionTest.mm */ = {isa = PBXFileReference; fileEncoding = 4; lastKnownFileType = sourcecode.cpp.objcpp; path = LHSceneRemoveOnCollisionTest.mm; sourceTree = "<group>"; };
		6E341AD219A7562C00B73620 /* LHSceneRopeJointTest.h */ = {isa = PBXFileReference; fileEncoding = 4; lastKnownFileType = sourcecode.c.h; path = LHSceneRopeJointTest.h; sourceTree = "<group>"; };
		6E341AD319A7562C00B73620 /* LHSceneRopeJointTest.mm */ = {isa = PBXFileReference; fileEncoding = 4; lastKnownFileType = sourcecode.cpp.objcpp; path = LHSceneRopeJointTest.mm; sourceTree = "<group>"; };
		6E341AD419A7562C00B73620 /* LHSceneShapesTest.h */ = {isa = PBXFileReference; fileEncoding = 4; lastKnownFileType = sourcecode.c.h; path = LHSceneShapesTest.h; sourceTree = "<group>"; };
		6E341AD519A7562C00B73620 /* LHSceneShapesTest.mm */ = {isa = PBXFileReference; fileEncoding = 4; lastKnownFileType = sourcecode.cpp.objcpp; path = LHSceneShapesTest.mm; sourceTree = "<group>"; };
		6E341AD619A7562C00B73620 /* LHSceneSpriteSheetAnimationTest.h */ = {isa = PBXFileReference; fileEncoding = 4; lastKnownFileType = sourcecode.c.h; path = LHSceneSpriteSheetAnimationTest.h; sourceTree = "<group>"; };
		6E341AD719A7562C00B73620 /* LHSceneSpriteSheetAnimationTest.mm */ = {isa = PBXFileReference; fileEncoding = 4; lastKnownFileType = sourcecode.cpp.objcpp; path = LHSceneSpriteSheetAnimationTest.mm; sourceTree = "<group>"; };
		6E341AD819A7562C00B73620 /* LHSceneUserPropertiesTest.h */ = {isa = PBXFileReference; fileEncoding = 4; lastKnownFileType = sourcecode.c.h; path = LHSceneUserPropertiesTest.h; sourceTree = "<group>"; };
		6E341AD919A7562C00B73620 /* LHSceneUserPropertiesTest.mm */ = {isa = PBXFileReference; fileEncoding = 4; lastKnownFileType = sourcecode.cpp.objcpp; path = LHSceneUserPropertiesTest.mm; sourceTree = "<group>"; };
		6E341ADA19A7562C00B73620 /* LHSceneWaterAreaTest.h */ = {isa = PBXFileReference; fileEncoding = 4; lastKnownFileType = sourcecode.c.h; path = LHSceneWaterAreaTest.h; sourceTree = "<group>"; };
		6E341ADB19A7562C00B73620 /* LHSceneWaterAreaTest.mm */ = {isa = PBXFileReference; fileEncoding = 4; lastKnownFileType = sourcecode.cpp.objcpp; path = LHSceneWaterAreaTest.mm; sourceTree = "<group>"; };
		6E4026911982BC32002B4D32 /* OpenGL.framework */ = {isa = PBXFileReference; lastKnownFileType = wrapper.framework; name = OpenGL.framework; path = Platforms/MacOSX.platform/Developer/SDKs/MacOSX10.9.sdk/System/Library/Frameworks/OpenGL.framework; sourceTree = DEVELOPER_DIR; };
		6E4026931982BC50002B4D32 /* AppKit.framework */ = {isa = PBXFileReference; lastKnownFileType = wrapper.framework; name = AppKit.framework; path = Platforms/MacOSX.platform/Developer/SDKs/MacOSX10.9.sdk/System/Library/Frameworks/AppKit.framework; sourceTree = DEVELOPER_DIR; };
		6E4026961982BD55002B4D32 /* main.m */ = {isa = PBXFileReference; fileEncoding = 4; lastKnownFileType = sourcecode.c.objc; path = main.m; sourceTree = "<group>"; };
		6E4026971982BD55002B4D32 /* Prefix.pch */ = {isa = PBXFileReference; fileEncoding = 4; lastKnownFileType = sourcecode.c.h; path = Prefix.pch; sourceTree = "<group>"; };
		6E4026991982BDE4002B4D32 /* AppDelegateMacOS.h */ = {isa = PBXFileReference; fileEncoding = 4; lastKnownFileType = sourcecode.c.h; name = AppDelegateMacOS.h; path = Classes/AppDelegateMacOS.h; sourceTree = "<group>"; };
		6E40269A1982BDE4002B4D32 /* AppDelegateMacOS.m */ = {isa = PBXFileReference; fileEncoding = 4; lastKnownFileType = sourcecode.c.objc; name = AppDelegateMacOS.m; path = Classes/AppDelegateMacOS.m; sourceTree = "<group>"; };
		6E40269C1982BE30002B4D32 /* MainMenu.xib */ = {isa = PBXFileReference; fileEncoding = 4; lastKnownFileType = file.xib; name = MainMenu.xib; path = Resources/MainMenu.xib; sourceTree = "<group>"; };
		6E89FE31192E261E0040478F /* LHSceneSubclass.h */ = {isa = PBXFileReference; fileEncoding = 4; lastKnownFileType = sourcecode.c.h; name = LHSceneSubclass.h; path = Classes/LHSceneSubclass.h; sourceTree = "<group>"; };
		6E89FE32192E261E0040478F /* LHSceneSubclass.mm */ = {isa = PBXFileReference; fileEncoding = 4; lastKnownFileType = sourcecode.cpp.objcpp; name = LHSceneSubclass.mm; path = Classes/LHSceneSubclass.mm; sourceTree = "<group>"; };
		6E9FC73619A4F1E40046CDBD /* Box2D.xcodeproj */ = {isa = PBXFileReference; lastKnownFileType = "wrapper.pb-project"; name = Box2D.xcodeproj; path = Box2D/Box2D.xcodeproj; sourceTree = "<group>"; };
		6E9FC73919A4F1E40046CDBD /* LevelHelper2-API.xcodeproj */ = {isa = PBXFileReference; lastKnownFileType = "wrapper.pb-project"; name = "LevelHelper2-API.xcodeproj"; path = "LevelHelper2-API/LevelHelper2-API.xcodeproj"; sourceTree = "<group>"; };
/* End PBXFileReference section */

/* Begin PBXFrameworksBuildPhase section */
		6E0D567A194C32A30036E940 /* Frameworks */ = {
			isa = PBXFrameworksBuildPhase;
			buildActionMask = 2147483647;
			files = (
				6E34197419A74BC800B73620 /* libcocos2d.a in Frameworks */,
				6E3419D419A7503000B73620 /* libObjectiveChipmunk.a in Frameworks */,
				6E9FD2D119A5044F0046CDBD /* libLevelHelper2-API.a in Frameworks */,
				6E0D567C194C32A30036E940 /* OpenAL.framework in Frameworks */,
				6E0D567D194C32A30036E940 /* UIKit.framework in Frameworks */,
				6E0D567E194C32A30036E940 /* QuartzCore.framework in Frameworks */,
				6E0D567F194C32A30036E940 /* AVFoundation.framework in Frameworks */,
				6E0D5680194C32A30036E940 /* CoreGraphics.framework in Frameworks */,
				6E0D5681194C32A30036E940 /* CoreText.framework in Frameworks */,
				6E0D5682194C32A30036E940 /* OpenGLES.framework in Frameworks */,
				6E0D5683194C32A30036E940 /* Foundation.framework in Frameworks */,
				6E0D5684194C32A30036E940 /* AudioToolbox.framework in Frameworks */,
			);
			runOnlyForDeploymentPostprocessing = 0;
		};
		6E121FE01924BD85005E8532 /* Frameworks */ = {
			isa = PBXFrameworksBuildPhase;
			buildActionMask = 2147483647;
			files = (
				6E341A0419A751E500B73620 /* libcocos2d.a in Frameworks */,
				6E341A0519A751EC00B73620 /* libObjectiveChipmunk.a in Frameworks */,
				6E9FD2C119A5001D0046CDBD /* libLevelHelper2-API.a in Frameworks */,
				6E121FEB1924BD85005E8532 /* OpenAL.framework in Frameworks */,
				6E121FF11924BD85005E8532 /* UIKit.framework in Frameworks */,
				6E121FE71924BD85005E8532 /* QuartzCore.framework in Frameworks */,
				6E121FEF1924BD85005E8532 /* AVFoundation.framework in Frameworks */,
				6E121FF51924BD85005E8532 /* CoreGraphics.framework in Frameworks */,
				6E121FF71924BD85005E8532 /* CoreText.framework in Frameworks */,
				6E121FE91924BD85005E8532 /* OpenGLES.framework in Frameworks */,
				6E121FF31924BD85005E8532 /* Foundation.framework in Frameworks */,
				6E121FED1924BD85005E8532 /* AudioToolbox.framework in Frameworks */,
			);
			runOnlyForDeploymentPostprocessing = 0;
		};
		6E2171431982BA8600C1F7CF /* Frameworks */ = {
			isa = PBXFrameworksBuildPhase;
			buildActionMask = 2147483647;
			files = (
				6E341A9919A752A600B73620 /* libcocos2d.a in Frameworks */,
				6EF5DD2419A50DBB00D5D289 /* libLevelHelper2-API.a in Frameworks */,
				6E341A9A19A752AD00B73620 /* libObjectiveChipmunk.a in Frameworks */,
				6E2171481982BA8600C1F7CF /* AVFoundation.framework in Frameworks */,
				6E2171451982BA8600C1F7CF /* OpenAL.framework in Frameworks */,
				6E21714D1982BA8600C1F7CF /* AudioToolbox.framework in Frameworks */,
				6E4026941982BC50002B4D32 /* AppKit.framework in Frameworks */,
				6E2171471982BA8600C1F7CF /* QuartzCore.framework in Frameworks */,
				6E21714C1982BA8600C1F7CF /* Foundation.framework in Frameworks */,
				6E4026921982BC32002B4D32 /* OpenGL.framework in Frameworks */,
			);
			runOnlyForDeploymentPostprocessing = 0;
		};
/* End PBXFrameworksBuildPhase section */

/* Begin PBXGroup section */
		6E121FDA1924BD85005E8532 = {
			isa = PBXGroup;
			children = (
				6E34132119A710CB00B73620 /* cocos2d.xcodeproj */,
				6E9FC73619A4F1E40046CDBD /* Box2D.xcodeproj */,
				6E9FC73919A4F1E40046CDBD /* LevelHelper2-API.xcodeproj */,
				6E341AA619A755DC00B73620 /* Demo */,
				6E121FFE1924BD85005E8532 /* LevelHelper2-Cocos2d-v3 */,
				6E121FE51924BD85005E8532 /* Frameworks */,
				6E121FE41924BD85005E8532 /* Products */,
			);
			sourceTree = "<group>";
		};
		6E121FE41924BD85005E8532 /* Products */ = {
			isa = PBXGroup;
			children = (
				6E121FE31924BD85005E8532 /* LevelHelper2-Cocos2d-v3+Chipmunk-iOS.app */,
				6E0D56A3194C32A30036E940 /* LevelHelper2-Cocos2d-v3+Box2D.app */,
				6E21716E1982BA8600C1F7CF /* LevelHelper2-Cocos2d-v3+Box2d MAC OS.app */,
			);
			name = Products;
			sourceTree = "<group>";
		};
		6E121FE51924BD85005E8532 /* Frameworks */ = {
			isa = PBXGroup;
			children = (
				6E4026931982BC50002B4D32 /* AppKit.framework */,
				6E4026911982BC32002B4D32 /* OpenGL.framework */,
				6E121FE61924BD85005E8532 /* QuartzCore.framework */,
				6E121FE81924BD85005E8532 /* OpenGLES.framework */,
				6E121FEA1924BD85005E8532 /* OpenAL.framework */,
				6E121FEC1924BD85005E8532 /* AudioToolbox.framework */,
				6E121FEE1924BD85005E8532 /* AVFoundation.framework */,
				6E121FF01924BD85005E8532 /* UIKit.framework */,
				6E121FF21924BD85005E8532 /* Foundation.framework */,
				6E121FF41924BD85005E8532 /* CoreGraphics.framework */,
				6E121FF61924BD85005E8532 /* CoreText.framework */,
			);
			name = Frameworks;
			sourceTree = "<group>";
		};
		6E121FFE1924BD85005E8532 /* LevelHelper2-Cocos2d-v3 */ = {
			isa = PBXGroup;
			children = (
				6E12228D1924BD88005E8532 /* Classes */,
				6E121FFF1924BD85005E8532 /* Resources */,
				6E1222891924BD88005E8532 /* Supporting Files */,
			);
			path = "LevelHelper2-Cocos2d-v3";
			sourceTree = "<group>";
		};
		6E121FFF1924BD85005E8532 /* Resources */ = {
			isa = PBXGroup;
			children = (
				6E40269C1982BE30002B4D32 /* MainMenu.xib */,
				6E1220001924BD85005E8532 /* Default.png */,
				6E1220021924BD85005E8532 /* Default@2x.png */,
				6E1220041924BD85005E8532 /* Default-568h@2x.png */,
				6E1220061924BD85005E8532 /* Default-Landscape~ipad.png */,
				6E1220231924BD85005E8532 /* Info.plist */,
				6E0D56A4194C32A30036E940 /* Info+Box2D.plist */,
				6E21716F1982BA8600C1F7CF /* Info+Box2dMacOS.plist */,
				6E1220241924BD85005E8532 /* iTunesArtwork */,
				6E1220261924BD85005E8532 /* iTunesArtwork@2x */,
				6E1220081924BD85005E8532 /* Icons */,
			);
			name = Resources;
			sourceTree = "<group>";
		};
		6E1220081924BD85005E8532 /* Icons */ = {
			isa = PBXGroup;
			children = (
				6E1220091924BD85005E8532 /* Icon.png */,
				6E12200B1924BD85005E8532 /* Icon@2x.png */,
				6E12200D1924BD85005E8532 /* Icon-72.png */,
				6E12200F1924BD85005E8532 /* Icon-72@2x.png */,
				6E1220111924BD85005E8532 /* Icon-76.png */,
				6E1220131924BD85005E8532 /* Icon-76@2x.png */,
				6E1220151924BD85005E8532 /* Icon-120.png */,
				6E1220171924BD85005E8532 /* Icon-iPad-Spotlight-iOS7@2x.png */,
				6E1220191924BD85005E8532 /* Icon-Small-50.png */,
				6E12201B1924BD85005E8532 /* Icon-Small.png */,
				6E12201D1924BD85005E8532 /* Icon-Small@2x.png */,
				6E12201F1924BD85005E8532 /* Icon-Spotlight-iOS7.png */,
				6E1220211924BD85005E8532 /* Icon-Spotlight-iOS7@2x.png */,
			);
			name = Icons;
			sourceTree = "<group>";
		};
		6E1222891924BD88005E8532 /* Supporting Files */ = {
			isa = PBXGroup;
			children = (
				6E4026951982BD55002B4D32 /* MacOS */,
				6E12228A1924BD88005E8532 /* Prefix.pch */,
				6E12228B1924BD88005E8532 /* main.m */,
			);
			name = "Supporting Files";
			sourceTree = "<group>";
		};
		6E12228D1924BD88005E8532 /* Classes */ = {
			isa = PBXGroup;
			children = (
				6E89FE31192E261E0040478F /* LHSceneSubclass.h */,
				6E89FE32192E261E0040478F /* LHSceneSubclass.mm */,
				6E12228E1924BD88005E8532 /* AppDelegate.h */,
				6E12228F1924BD88005E8532 /* AppDelegate.m */,
				6E4026991982BDE4002B4D32 /* AppDelegateMacOS.h */,
				6E40269A1982BDE4002B4D32 /* AppDelegateMacOS.m */,
			);
			name = Classes;
			sourceTree = "<group>";
		};
		6E34132219A710CB00B73620 /* Products */ = {
			isa = PBXGroup;
			children = (
				6E34132619A710CB00B73620 /* libcocos2d.a */,
				6E341A9619A7529300B73620 /* libcocos2d.a */,
				6E3419D319A74FA500B73620 /* libObjectiveChipmunk.a */,
				6E341A0319A751DF00B73620 /* libObjectiveChipmunk.a */,
			);
			name = Products;
			sourceTree = "<group>";
		};
		6E341AA619A755DC00B73620 /* Demo */ = {
			isa = PBXGroup;
			children = (
				6E341AAF19A7562C00B73620 /* Source */,
				6E341AAB19A755F600B73620 /* INDIVIDUAL_IMAGES_EXAMPLE */,
				6E341AA719A755F100B73620 /* PUBLISH_FOLDER */,
			);
			name = Demo;
			sourceTree = "<group>";
		};
		6E341AAF19A7562C00B73620 /* Source */ = {
			isa = PBXGroup;
			children = (
				6E341AB019A7562C00B73620 /* LHSceneAssetsTest.h */,
				6E341AB119A7562C00B73620 /* LHSceneAssetsTest.mm */,
				6E341AB219A7562C00B73620 /* LHSceneAssetsWithJointsTest.h */,
				6E341AB319A7562C00B73620 /* LHSceneAssetsWithJointsTest.mm */,
				6E341AB419A7562C00B73620 /* LHSceneBeziersTest.h */,
				6E341AB519A7562C00B73620 /* LHSceneBeziersTest.mm */,
				6E341AB619A7562C00B73620 /* LHSceneBodyScaleTest.h */,
				6E341AB719A7562C00B73620 /* LHSceneBodyScaleTest.mm */,
				6E341AB819A7562C00B73620 /* LHSceneCameraFollowTest.h */,
				6E341AB919A7562C00B73620 /* LHSceneCameraFollowTest.mm */,
				6E341ABA19A7562C00B73620 /* LHSceneCameraTest.h */,
				6E341ABB19A7562C00B73620 /* LHSceneCameraTest.mm */,
				6E341ABC19A7562C00B73620 /* LHSceneCarTest.h */,
				6E341ABD19A7562C00B73620 /* LHSceneCarTest.mm */,
				6E341ABE19A7562C00B73620 /* LHSceneCharacterAnimationTest.h */,
				6E341ABF19A7562C00B73620 /* LHSceneCharacterAnimationTest.mm */,
				6E341AC019A7562C00B73620 /* LHSceneCollisionFilteringTest.h */,
				6E341AC119A7562C00B73620 /* LHSceneCollisionFilteringTest.mm */,
				6E341AC219A7562C00B73620 /* LHSceneCollisionHandlingTest.h */,
				6E341AC319A7562C00B73620 /* LHSceneCollisionHandlingTest.mm */,
				6E341AC419A7562C00B73620 /* LHSceneDemo.h */,
				6E341AC519A7562C00B73620 /* LHSceneDemo.mm */,
				6E341AC619A7562C00B73620 /* LHSceneGearJointsTest.h */,
				6E341AC719A7562C00B73620 /* LHSceneGearJointsTest.mm */,
				6E341AC819A7562C00B73620 /* LHSceneGravityAreasTest.h */,
				6E341AC919A7562C00B73620 /* LHSceneGravityAreasTest.mm */,
				6E341ACA19A7562C00B73620 /* LHSceneIntroduction.h */,
				6E341ACB19A7562C00B73620 /* LHSceneIntroduction.mm */,
				6E341ACC19A7562C00B73620 /* LHSceneJointsTest.h */,
				6E341ACD19A7562C00B73620 /* LHSceneJointsTest.mm */,
				6E341ACE19A7562C00B73620 /* LHSceneParallaxTest.h */,
				6E341ACF19A7562C00B73620 /* LHSceneParallaxTest.mm */,
				6E341AD019A7562C00B73620 /* LHSceneRemoveOnCollisionTest.h */,
				6E341AD119A7562C00B73620 /* LHSceneRemoveOnCollisionTest.mm */,
				6E341AD219A7562C00B73620 /* LHSceneRopeJointTest.h */,
				6E341AD319A7562C00B73620 /* LHSceneRopeJointTest.mm */,
				6E341AD419A7562C00B73620 /* LHSceneShapesTest.h */,
				6E341AD519A7562C00B73620 /* LHSceneShapesTest.mm */,
				6E341AD619A7562C00B73620 /* LHSceneSpriteSheetAnimationTest.h */,
				6E341AD719A7562C00B73620 /* LHSceneSpriteSheetAnimationTest.mm */,
				6E341AD819A7562C00B73620 /* LHSceneUserPropertiesTest.h */,
				6E341AD919A7562C00B73620 /* LHSceneUserPropertiesTest.mm */,
				6E341ADA19A7562C00B73620 /* LHSceneWaterAreaTest.h */,
				6E341ADB19A7562C00B73620 /* LHSceneWaterAreaTest.mm */,
			);
			name = Source;
			path = DEMO/Source;
			sourceTree = "<group>";
		};
		6E4026951982BD55002B4D32 /* MacOS */ = {
			isa = PBXGroup;
			children = (
				6E4026961982BD55002B4D32 /* main.m */,
				6E4026971982BD55002B4D32 /* Prefix.pch */,
			);
			name = MacOS;
			path = "Supporting Files/MacOS";
			sourceTree = "<group>";
		};
		6E9FC73719A4F1E40046CDBD /* Products */ = {
			isa = PBXGroup;
			children = (
				6E9FC73F19A4F1E50046CDBD /* libBox2D.a */,
				6E9FC74119A4F1E50046CDBD /* libBox2D.a */,
			);
			name = Products;
			sourceTree = "<group>";
		};
		6E9FC73A19A4F1E40046CDBD /* Products */ = {
			isa = PBXGroup;
			children = (
				6E9FC74619A4F1E50046CDBD /* libLevelHelper2-API.a */,
				6E9FC74819A4F1E50046CDBD /* libLevelHelper2-API.a */,
				6E9FC74A19A4F1E50046CDBD /* libLevelHelper2-API.a */,
			);
			name = Products;
			sourceTree = "<group>";
		};
/* End PBXGroup section */

/* Begin PBXNativeTarget section */
		6E0D55C8194C32A30036E940 /* LevelHelper2-Cocos2d-v3+Box2d-iOS */ = {
			isa = PBXNativeTarget;
			buildConfigurationList = 6E0D56A0194C32A30036E940 /* Build configuration list for PBXNativeTarget "LevelHelper2-Cocos2d-v3+Box2d-iOS" */;
			buildPhases = (
				6E0D55CB194C32A30036E940 /* Sources */,
				6E0D567A194C32A30036E940 /* Frameworks */,
				6E0D5685194C32A30036E940 /* Resources */,
			);
			buildRules = (
			);
			dependencies = (
				6E34197319A74BBF00B73620 /* PBXTargetDependency */,
				6E9FD2D019A504420046CDBD /* PBXTargetDependency */,
			);
			name = "LevelHelper2-Cocos2d-v3+Box2d-iOS";
			productName = "LevelHelper2-Cocos2d-v3";
			productReference = 6E0D56A3194C32A30036E940 /* LevelHelper2-Cocos2d-v3+Box2D.app */;
			productType = "com.apple.product-type.application";
		};
		6E121FE21924BD85005E8532 /* LevelHelper2-Cocos2d-v3+Chipmunk-iOS */ = {
			isa = PBXNativeTarget;
			buildConfigurationList = 6E12229C1924BD88005E8532 /* Build configuration list for PBXNativeTarget "LevelHelper2-Cocos2d-v3+Chipmunk-iOS" */;
			buildPhases = (
				6E121FDF1924BD85005E8532 /* Sources */,
				6E121FE01924BD85005E8532 /* Frameworks */,
				6E121FE11924BD85005E8532 /* Resources */,
			);
			buildRules = (
			);
			dependencies = (
				6E341A0019A751DF00B73620 /* PBXTargetDependency */,
				6E9FD2A219A4FBFD0046CDBD /* PBXTargetDependency */,
			);
			name = "LevelHelper2-Cocos2d-v3+Chipmunk-iOS";
			productName = "LevelHelper2-Cocos2d-v3";
			productReference = 6E121FE31924BD85005E8532 /* LevelHelper2-Cocos2d-v3+Chipmunk-iOS.app */;
			productType = "com.apple.product-type.application";
		};
		6E2170401982BA8600C1F7CF /* LevelHelper2-Cocos2d-v3+Box2d-MacOS */ = {
			isa = PBXNativeTarget;
			buildConfigurationList = 6E21716B1982BA8600C1F7CF /* Build configuration list for PBXNativeTarget "LevelHelper2-Cocos2d-v3+Box2d-MacOS" */;
			buildPhases = (
				6E2170431982BA8600C1F7CF /* Sources */,
				6E2171431982BA8600C1F7CF /* Frameworks */,
				6E21714E1982BA8600C1F7CF /* Resources */,
			);
			buildRules = (
			);
			dependencies = (
				6E341A9819A7529D00B73620 /* PBXTargetDependency */,
				6EF5DD0119A50C3900D5D289 /* PBXTargetDependency */,
			);
			name = "LevelHelper2-Cocos2d-v3+Box2d-MacOS";
			productName = "LevelHelper2-Cocos2d-v3";
			productReference = 6E21716E1982BA8600C1F7CF /* LevelHelper2-Cocos2d-v3+Box2d MAC OS.app */;
			productType = "com.apple.product-type.application";
		};
/* End PBXNativeTarget section */

/* Begin PBXProject section */
		6E121FDB1924BD85005E8532 /* Project object */ = {
			isa = PBXProject;
			attributes = {
				LastUpgradeCheck = 0510;
				ORGANIZATIONNAME = "VLADU BOGDAN DANIEL PFA";
			};
			buildConfigurationList = 6E121FDE1924BD85005E8532 /* Build configuration list for PBXProject "LevelHelper2-Cocos2d-v3" */;
			compatibilityVersion = "Xcode 3.2";
			developmentRegion = English;
			hasScannedForEncodings = 0;
			knownRegions = (
				en,
			);
			mainGroup = 6E121FDA1924BD85005E8532;
			productRefGroup = 6E121FE41924BD85005E8532 /* Products */;
			projectDirPath = "";
			projectReferences = (
				{
					ProductGroup = 6E9FC73719A4F1E40046CDBD /* Products */;
					ProjectRef = 6E9FC73619A4F1E40046CDBD /* Box2D.xcodeproj */;
				},
				{
					ProductGroup = 6E34132219A710CB00B73620 /* Products */;
					ProjectRef = 6E34132119A710CB00B73620 /* cocos2d.xcodeproj */;
				},
				{
					ProductGroup = 6E9FC73A19A4F1E40046CDBD /* Products */;
					ProjectRef = 6E9FC73919A4F1E40046CDBD /* LevelHelper2-API.xcodeproj */;
				},
			);
			projectRoot = "";
			targets = (
				6E0D55C8194C32A30036E940 /* LevelHelper2-Cocos2d-v3+Box2d-iOS */,
				6E2170401982BA8600C1F7CF /* LevelHelper2-Cocos2d-v3+Box2d-MacOS */,
				6E121FE21924BD85005E8532 /* LevelHelper2-Cocos2d-v3+Chipmunk-iOS */,
			);
		};
/* End PBXProject section */

/* Begin PBXReferenceProxy section */
		6E34132619A710CB00B73620 /* libcocos2d.a */ = {
			isa = PBXReferenceProxy;
			fileType = archive.ar;
			path = libcocos2d.a;
			remoteRef = 6E34132519A710CB00B73620 /* PBXContainerItemProxy */;
			sourceTree = BUILT_PRODUCTS_DIR;
		};
		6E3419D319A74FA500B73620 /* libObjectiveChipmunk.a */ = {
			isa = PBXReferenceProxy;
			fileType = archive.ar;
			path = libObjectiveChipmunk.a;
			remoteRef = 6E3419D219A74FA500B73620 /* PBXContainerItemProxy */;
			sourceTree = BUILT_PRODUCTS_DIR;
		};
		6E341A0319A751DF00B73620 /* libObjectiveChipmunk.a */ = {
			isa = PBXReferenceProxy;
			fileType = archive.ar;
			path = libObjectiveChipmunk.a;
			remoteRef = 6E341A0219A751DF00B73620 /* PBXContainerItemProxy */;
			sourceTree = BUILT_PRODUCTS_DIR;
		};
		6E341A9619A7529300B73620 /* libcocos2d.a */ = {
			isa = PBXReferenceProxy;
			fileType = archive.ar;
			path = libcocos2d.a;
			remoteRef = 6E341A9519A7529300B73620 /* PBXContainerItemProxy */;
			sourceTree = BUILT_PRODUCTS_DIR;
		};
		6E9FC73F19A4F1E50046CDBD /* libBox2D.a */ = {
			isa = PBXReferenceProxy;
			fileType = archive.ar;
			path = libBox2D.a;
			remoteRef = 6E9FC73E19A4F1E50046CDBD /* PBXContainerItemProxy */;
			sourceTree = BUILT_PRODUCTS_DIR;
		};
		6E9FC74119A4F1E50046CDBD /* libBox2D.a */ = {
			isa = PBXReferenceProxy;
			fileType = archive.ar;
			path = libBox2D.a;
			remoteRef = 6E9FC74019A4F1E50046CDBD /* PBXContainerItemProxy */;
			sourceTree = BUILT_PRODUCTS_DIR;
		};
		6E9FC74619A4F1E50046CDBD /* libLevelHelper2-API.a */ = {
			isa = PBXReferenceProxy;
			fileType = archive.ar;
			path = "libLevelHelper2-API.a";
			remoteRef = 6E9FC74519A4F1E50046CDBD /* PBXContainerItemProxy */;
			sourceTree = BUILT_PRODUCTS_DIR;
		};
		6E9FC74819A4F1E50046CDBD /* libLevelHelper2-API.a */ = {
			isa = PBXReferenceProxy;
			fileType = archive.ar;
			path = "libLevelHelper2-API.a";
			remoteRef = 6E9FC74719A4F1E50046CDBD /* PBXContainerItemProxy */;
			sourceTree = BUILT_PRODUCTS_DIR;
		};
		6E9FC74A19A4F1E50046CDBD /* libLevelHelper2-API.a */ = {
			isa = PBXReferenceProxy;
			fileType = archive.ar;
			path = "libLevelHelper2-API.a";
			remoteRef = 6E9FC74919A4F1E50046CDBD /* PBXContainerItemProxy */;
			sourceTree = BUILT_PRODUCTS_DIR;
		};
/* End PBXReferenceProxy section */

/* Begin PBXResourcesBuildPhase section */
		6E0D5685194C32A30036E940 /* Resources */ = {
			isa = PBXResourcesBuildPhase;
			buildActionMask = 2147483647;
			files = (
				6E0D5686194C32A30036E940 /* Default@2x.png in Resources */,
				6E0D5687194C32A30036E940 /* Icon-120.png in Resources */,
				6E0D568A194C32A30036E940 /* Icon@2x.png in Resources */,
				6E0D568B194C32A30036E940 /* Icon-Small@2x.png in Resources */,
				6E0D568C194C32A30036E940 /* Icon-72@2x.png in Resources */,
				6E0D568D194C32A30036E940 /* Default.png in Resources */,
				6E0D568E194C32A30036E940 /* Icon.png in Resources */,
				6E0D568F194C32A30036E940 /* Icon-iPad-Spotlight-iOS7@2x.png in Resources */,
				6E341AA819A755F100B73620 /* PUBLISH_FOLDER in Resources */,
				6E0D5690194C32A30036E940 /* Default-Landscape~ipad.png in Resources */,
				6E341AAC19A755F600B73620 /* INDIVIDUAL_IMAGES_EXAMPLE in Resources */,
				6E0D5691194C32A30036E940 /* Icon-Small.png in Resources */,
				6E0D5692194C32A30036E940 /* Icon-Small-50.png in Resources */,
				6E0D5694194C32A30036E940 /* Icon-72.png in Resources */,
				6E0D5696194C32A30036E940 /* Default-568h@2x.png in Resources */,
				6E0D5697194C32A30036E940 /* iTunesArtwork in Resources */,
				6E0D5698194C32A30036E940 /* Icon-Spotlight-iOS7.png in Resources */,
				6E0D5699194C32A30036E940 /* Icon-76@2x.png in Resources */,
				6E0D569B194C32A30036E940 /* Icon-Spotlight-iOS7@2x.png in Resources */,
				6E0D569D194C32A30036E940 /* Icon-76.png in Resources */,
				6E0D569F194C32A30036E940 /* iTunesArtwork@2x in Resources */,
			);
			runOnlyForDeploymentPostprocessing = 0;
		};
		6E121FE11924BD85005E8532 /* Resources */ = {
			isa = PBXResourcesBuildPhase;
			buildActionMask = 2147483647;
			files = (
				6E1220031924BD85005E8532 /* Default@2x.png in Resources */,
				6E1220161924BD85005E8532 /* Icon-120.png in Resources */,
				6E12200C1924BD85005E8532 /* Icon@2x.png in Resources */,
				6E12201E1924BD85005E8532 /* Icon-Small@2x.png in Resources */,
				6E1220101924BD85005E8532 /* Icon-72@2x.png in Resources */,
				6E1220011924BD85005E8532 /* Default.png in Resources */,
				6E12200A1924BD85005E8532 /* Icon.png in Resources */,
				6E1220181924BD85005E8532 /* Icon-iPad-Spotlight-iOS7@2x.png in Resources */,
				6E341AAA19A755F100B73620 /* PUBLISH_FOLDER in Resources */,
				6E1220071924BD85005E8532 /* Default-Landscape~ipad.png in Resources */,
				6E341AAE19A755F600B73620 /* INDIVIDUAL_IMAGES_EXAMPLE in Resources */,
				6E12201C1924BD85005E8532 /* Icon-Small.png in Resources */,
				6E12201A1924BD85005E8532 /* Icon-Small-50.png in Resources */,
				6E12200E1924BD85005E8532 /* Icon-72.png in Resources */,
				6E1220051924BD85005E8532 /* Default-568h@2x.png in Resources */,
				6E1220251924BD85005E8532 /* iTunesArtwork in Resources */,
				6E1220201924BD85005E8532 /* Icon-Spotlight-iOS7.png in Resources */,
				6E1220141924BD85005E8532 /* Icon-76@2x.png in Resources */,
				6E1220221924BD85005E8532 /* Icon-Spotlight-iOS7@2x.png in Resources */,
				6E1220121924BD85005E8532 /* Icon-76.png in Resources */,
				6E1220271924BD85005E8532 /* iTunesArtwork@2x in Resources */,
			);
			runOnlyForDeploymentPostprocessing = 0;
		};
		6E21714E1982BA8600C1F7CF /* Resources */ = {
			isa = PBXResourcesBuildPhase;
			buildActionMask = 2147483647;
			files = (
				6E341AA919A755F100B73620 /* PUBLISH_FOLDER in Resources */,
				6E341AAD19A755F600B73620 /* INDIVIDUAL_IMAGES_EXAMPLE in Resources */,
				6E40269D1982BE30002B4D32 /* MainMenu.xib in Resources */,
			);
			runOnlyForDeploymentPostprocessing = 0;
		};
/* End PBXResourcesBuildPhase section */

/* Begin PBXSourcesBuildPhase section */
		6E0D55CB194C32A30036E940 /* Sources */ = {
			isa = PBXSourcesBuildPhase;
			buildActionMask = 2147483647;
			files = (
				6E341B1B19A7562C00B73620 /* LHSceneWaterAreaTest.mm in Sources */,
				6E341AF419A7562C00B73620 /* LHSceneCollisionFilteringTest.mm in Sources */,
				6E341B1519A7562C00B73620 /* LHSceneSpriteSheetAnimationTest.mm in Sources */,
				6E341AF119A7562C00B73620 /* LHSceneCharacterAnimationTest.mm in Sources */,
				6E341AE819A7562C00B73620 /* LHSceneCameraFollowTest.mm in Sources */,
				6E341AEE19A7562C00B73620 /* LHSceneCarTest.mm in Sources */,
				6E341B0C19A7562C00B73620 /* LHSceneRemoveOnCollisionTest.mm in Sources */,
				6E341AF719A7562C00B73620 /* LHSceneCollisionHandlingTest.mm in Sources */,
				6E341AFA19A7562C00B73620 /* LHSceneDemo.mm in Sources */,
				6E341B0019A7562C00B73620 /* LHSceneGravityAreasTest.mm in Sources */,
				6E0D5612194C32A30036E940 /* LHSceneSubclass.mm in Sources */,
				6E341AFD19A7562C00B73620 /* LHSceneGearJointsTest.mm in Sources */,
				6E341B0619A7562C00B73620 /* LHSceneJointsTest.mm in Sources */,
				6E341ADF19A7562C00B73620 /* LHSceneAssetsWithJointsTest.mm in Sources */,
				6E341B1219A7562C00B73620 /* LHSceneShapesTest.mm in Sources */,
				6E341AE519A7562C00B73620 /* LHSceneBodyScaleTest.mm in Sources */,
				6E341ADC19A7562C00B73620 /* LHSceneAssetsTest.mm in Sources */,
				6E341B0919A7562C00B73620 /* LHSceneParallaxTest.mm in Sources */,
				6E341B0F19A7562C00B73620 /* LHSceneRopeJointTest.mm in Sources */,
				6E341B1819A7562C00B73620 /* LHSceneUserPropertiesTest.mm in Sources */,
				6E341AEB19A7562C00B73620 /* LHSceneCameraTest.mm in Sources */,
				6E0D5629194C32A30036E940 /* main.m in Sources */,
				6E0D5662194C32A30036E940 /* AppDelegate.m in Sources */,
				6E341B0319A7562C00B73620 /* LHSceneIntroduction.mm in Sources */,
				6E341AE219A7562C00B73620 /* LHSceneBeziersTest.mm in Sources */,
			);
			runOnlyForDeploymentPostprocessing = 0;
		};
		6E121FDF1924BD85005E8532 /* Sources */ = {
			isa = PBXSourcesBuildPhase;
			buildActionMask = 2147483647;
			files = (
				6E341B1D19A7562C00B73620 /* LHSceneWaterAreaTest.mm in Sources */,
				6E341AF619A7562C00B73620 /* LHSceneCollisionFilteringTest.mm in Sources */,
				6E341B1719A7562C00B73620 /* LHSceneSpriteSheetAnimationTest.mm in Sources */,
				6E341AF319A7562C00B73620 /* LHSceneCharacterAnimationTest.mm in Sources */,
				6E341AEA19A7562C00B73620 /* LHSceneCameraFollowTest.mm in Sources */,
				6E341AF019A7562C00B73620 /* LHSceneCarTest.mm in Sources */,
				6E341B0E19A7562C00B73620 /* LHSceneRemoveOnCollisionTest.mm in Sources */,
				6E341AF919A7562C00B73620 /* LHSceneCollisionHandlingTest.mm in Sources */,
				6E341AFC19A7562C00B73620 /* LHSceneDemo.mm in Sources */,
				6E341B0219A7562C00B73620 /* LHSceneGravityAreasTest.mm in Sources */,
				6E89FE33192E261E0040478F /* LHSceneSubclass.mm in Sources */,
				6E341AFF19A7562C00B73620 /* LHSceneGearJointsTest.mm in Sources */,
				6E341B0819A7562C00B73620 /* LHSceneJointsTest.mm in Sources */,
				6E341AE119A7562C00B73620 /* LHSceneAssetsWithJointsTest.mm in Sources */,
				6E341B1419A7562C00B73620 /* LHSceneShapesTest.mm in Sources */,
				6E341AE719A7562C00B73620 /* LHSceneBodyScaleTest.mm in Sources */,
				6E341ADE19A7562C00B73620 /* LHSceneAssetsTest.mm in Sources */,
				6E341B0B19A7562C00B73620 /* LHSceneParallaxTest.mm in Sources */,
				6E341B1119A7562C00B73620 /* LHSceneRopeJointTest.mm in Sources */,
				6E341B1A19A7562C00B73620 /* LHSceneUserPropertiesTest.mm in Sources */,
				6E341AED19A7562C00B73620 /* LHSceneCameraTest.mm in Sources */,
				6E12228C1924BD88005E8532 /* main.m in Sources */,
				6E1222901924BD88005E8532 /* AppDelegate.m in Sources */,
				6E341B0519A7562C00B73620 /* LHSceneIntroduction.mm in Sources */,
				6E341AE419A7562C00B73620 /* LHSceneBeziersTest.mm in Sources */,
			);
			runOnlyForDeploymentPostprocessing = 0;
		};
		6E2170431982BA8600C1F7CF /* Sources */ = {
			isa = PBXSourcesBuildPhase;
			buildActionMask = 2147483647;
			files = (
				6E341B1C19A7562C00B73620 /* LHSceneWaterAreaTest.mm in Sources */,
				6E341AF519A7562C00B73620 /* LHSceneCollisionFilteringTest.mm in Sources */,
				6E341B1619A7562C00B73620 /* LHSceneSpriteSheetAnimationTest.mm in Sources */,
				6E341AF219A7562C00B73620 /* LHSceneCharacterAnimationTest.mm in Sources */,
				6E341AE919A7562C00B73620 /* LHSceneCameraFollowTest.mm in Sources */,
				6E341AEF19A7562C00B73620 /* LHSceneCarTest.mm in Sources */,
				6E341B0D19A7562C00B73620 /* LHSceneRemoveOnCollisionTest.mm in Sources */,
				6E341AF819A7562C00B73620 /* LHSceneCollisionHandlingTest.mm in Sources */,
				6E341AFB19A7562C00B73620 /* LHSceneDemo.mm in Sources */,
				6E341B0119A7562C00B73620 /* LHSceneGravityAreasTest.mm in Sources */,
				6E2170AE1982BA8600C1F7CF /* LHSceneSubclass.mm in Sources */,
				6E341AFE19A7562C00B73620 /* LHSceneGearJointsTest.mm in Sources */,
				6E341B0719A7562C00B73620 /* LHSceneJointsTest.mm in Sources */,
				6E341AE019A7562C00B73620 /* LHSceneAssetsWithJointsTest.mm in Sources */,
				6E341B1319A7562C00B73620 /* LHSceneShapesTest.mm in Sources */,
				6E341AE619A7562C00B73620 /* LHSceneBodyScaleTest.mm in Sources */,
				6E341ADD19A7562C00B73620 /* LHSceneAssetsTest.mm in Sources */,
				6E341B0A19A7562C00B73620 /* LHSceneParallaxTest.mm in Sources */,
				6E341B1019A7562C00B73620 /* LHSceneRopeJointTest.mm in Sources */,
				6E341B1919A7562C00B73620 /* LHSceneUserPropertiesTest.mm in Sources */,
				6E341AEC19A7562C00B73620 /* LHSceneCameraTest.mm in Sources */,
				6E40269B1982BDE4002B4D32 /* AppDelegateMacOS.m in Sources */,
				6E4026981982BD55002B4D32 /* main.m in Sources */,
				6E341B0419A7562C00B73620 /* LHSceneIntroduction.mm in Sources */,
				6E341AE319A7562C00B73620 /* LHSceneBeziersTest.mm in Sources */,
			);
			runOnlyForDeploymentPostprocessing = 0;
		};
/* End PBXSourcesBuildPhase section */

/* Begin PBXTargetDependency section */
		6E34197319A74BBF00B73620 /* PBXTargetDependency */ = {
			isa = PBXTargetDependency;
			name = cocos2d;
			targetProxy = 6E34197219A74BBF00B73620 /* PBXContainerItemProxy */;
		};
		6E341A0019A751DF00B73620 /* PBXTargetDependency */ = {
			isa = PBXTargetDependency;
			name = cocos2d;
			targetProxy = 6E3419FF19A751DF00B73620 /* PBXContainerItemProxy */;
		};
		6E341A9819A7529D00B73620 /* PBXTargetDependency */ = {
			isa = PBXTargetDependency;
			name = "cocos2d-MAC";
			targetProxy = 6E341A9719A7529D00B73620 /* PBXContainerItemProxy */;
		};
		6E9FD2A219A4FBFD0046CDBD /* PBXTargetDependency */ = {
			isa = PBXTargetDependency;
			name = "LevelHelper2-API";
			targetProxy = 6E9FD2A119A4FBFD0046CDBD /* PBXContainerItemProxy */;
		};
		6E9FD2D019A504420046CDBD /* PBXTargetDependency */ = {
			isa = PBXTargetDependency;
			name = "LevelHelper2-API+Box2d";
			targetProxy = 6E9FD2CF19A504420046CDBD /* PBXContainerItemProxy */;
		};
		6EF5DD0119A50C3900D5D289 /* PBXTargetDependency */ = {
			isa = PBXTargetDependency;
			name = "LevelHelper2-API+Box2d-OSX";
			targetProxy = 6EF5DD0019A50C3900D5D289 /* PBXContainerItemProxy */;
		};
/* End PBXTargetDependency section */

/* Begin XCBuildConfiguration section */
		6E0D56A1194C32A30036E940 /* Debug */ = {
			isa = XCBuildConfiguration;
			buildSettings = {
				ALWAYS_SEARCH_USER_PATHS = NO;
				ARCHS = "$(ARCHS_STANDARD)";
				CLANG_CXX_LANGUAGE_STANDARD = "gnu++0x";
				CLANG_CXX_LIBRARY = "libc++";
				"CODE_SIGN_IDENTITY[sdk=iphoneos*]" = "";
				COPY_PHASE_STRIP = NO;
				GCC_C_LANGUAGE_STANDARD = "compiler-default";
				GCC_DYNAMIC_NO_PIC = NO;
				GCC_PRECOMPILE_PREFIX_HEADER = YES;
				GCC_PREFIX_HEADER = "LevelHelper2-Cocos2d-v3/Supporting Files/Prefix.pch";
				GCC_PREPROCESSOR_DEFINITIONS = (
					"COCOS2D_DEBUG=1",
					DEBUG,
					"LH_USE_BOX2D=1",
				);
				HEADER_SEARCH_PATHS = (
					"\"$(SRCROOT)/cocos2d/kazmath/include\"",
					"\"$(SRCROOT)/cocos2d/Chipmunk/chipmunk/include\"",
					"\"$(SRCROOT)/cocos2d/Chipmunk/objectivec/include\"",
					"\"$(SRCROOT)/cocos2d\"",
					"\"$(SRCROOT)/cocos2d/cocos2d\"",
					"\"$(SRCROOT)/cocos2d/cocos2d/Support\"",
					"\"$(SRCROOT)/cocos2d/ObjectAL\"",
					"\"$(SRCROOT)/cocos2d/ObjectAL/Support\"",
					"\"$(SRCROOT)/cocos2d/ObjectAL/OpenAL\"",
					"\"$(SRCROOT)/cocos2d/ObjectAL/Session\"",
					"\"$(SRCROOT)/cocos2d/ObjectAL/Actions\"",
					"\"$(SRCROOT)/cocos2d/ObjectAL/AudioTrack\"",
					"\"$(SRCROOT)/cocos2d/cocos2d/Platforms/iOS\"",
					"\"$(SRCROOT)/cocos2d/cocos2d-ui\"",
					"\"$(SRCROOT)/cocos2d/CCBReader\"",
				);
				INFOPLIST_FILE = "$(SRCROOT)/Info+Box2D.plist";
				LIBRARY_SEARCH_PATHS = "";
				OTHER_LDFLAGS = (
					"-lz",
					"-lsqlite3",
					"-ObjC",
				);
				PRODUCT_NAME = "LevelHelper2-Cocos2d-v3+Box2D";
				VALID_ARCHS = "arm64 armv7 armv7s";
				WRAPPER_EXTENSION = app;
			};
			name = Debug;
		};
		6E0D56A2194C32A30036E940 /* Release */ = {
			isa = XCBuildConfiguration;
			buildSettings = {
				ALWAYS_SEARCH_USER_PATHS = NO;
				ARCHS = "$(ARCHS_STANDARD)";
				CLANG_CXX_LANGUAGE_STANDARD = "gnu++0x";
				CLANG_CXX_LIBRARY = "libc++";
				"CODE_SIGN_IDENTITY[sdk=iphoneos*]" = "";
				COPY_PHASE_STRIP = YES;
				GCC_C_LANGUAGE_STANDARD = "compiler-default";
				GCC_PRECOMPILE_PREFIX_HEADER = YES;
				GCC_PREFIX_HEADER = "LevelHelper2-Cocos2d-v3/Supporting Files/Prefix.pch";
				GCC_PREPROCESSOR_DEFINITIONS = (
					NDEBUG,
					"NS_BLOCK_ASSERTIONS=1",
					"LH_USE_BOX2D=1",
				);
				HEADER_SEARCH_PATHS = (
					"\"$(SRCROOT)/cocos2d/kazmath/include\"",
					"\"$(SRCROOT)/cocos2d/Chipmunk/chipmunk/include\"",
					"\"$(SRCROOT)/cocos2d/Chipmunk/objectivec/include\"",
					"\"$(SRCROOT)/cocos2d\"",
					"\"$(SRCROOT)/cocos2d/cocos2d\"",
					"\"$(SRCROOT)/cocos2d/cocos2d/Support\"",
					"\"$(SRCROOT)/cocos2d/ObjectAL\"",
					"\"$(SRCROOT)/cocos2d/ObjectAL/Support\"",
					"\"$(SRCROOT)/cocos2d/ObjectAL/OpenAL\"",
					"\"$(SRCROOT)/cocos2d/ObjectAL/Session\"",
					"\"$(SRCROOT)/cocos2d/ObjectAL/Actions\"",
					"\"$(SRCROOT)/cocos2d/ObjectAL/AudioTrack\"",
					"\"$(SRCROOT)/cocos2d/cocos2d/Platforms/iOS\"",
					"\"$(SRCROOT)/cocos2d/cocos2d-ui\"",
					"\"$(SRCROOT)/cocos2d/CCBReader\"",
				);
				INFOPLIST_FILE = "$(SRCROOT)/Info+Box2D.plist";
				LIBRARY_SEARCH_PATHS = "";
				OTHER_LDFLAGS = (
					"-lz",
					"-lsqlite3",
					"-ObjC",
				);
				PRODUCT_NAME = "LevelHelper2-Cocos2d-v3+Box2D";
				VALIDATE_PRODUCT = YES;
				VALID_ARCHS = "arm64 armv7 armv7s";
				WRAPPER_EXTENSION = app;
			};
			name = Release;
		};
		6E1222971924BD88005E8532 /* Debug */ = {
			isa = XCBuildConfiguration;
			buildSettings = {
				ARCHS = "$(ARCHS_STANDARD_32_BIT)";
				CLANG_ENABLE_OBJC_ARC = YES;
				"CODE_SIGN_IDENTITY[sdk=iphoneos*]" = "iPhone Developer";
				GCC_C_LANGUAGE_STANDARD = gnu99;
				GCC_OPTIMIZATION_LEVEL = 0;
				GCC_PREPROCESSOR_DEFINITIONS = (
					DEBUG,
					"COCOS2D_DEBUG=1",
				);
				GCC_SYMBOLS_PRIVATE_EXTERN = NO;
				GCC_VERSION = com.apple.compilers.llvm.clang.1_0;
				GCC_WARN_ABOUT_RETURN_TYPE = YES;
				GCC_WARN_UNUSED_VARIABLE = YES;
				IPHONEOS_DEPLOYMENT_TARGET = 5.0;
				SDKROOT = iphoneos;
				TARGETED_DEVICE_FAMILY = "1,2";
			};
			name = Debug;
		};
		6E1222981924BD88005E8532 /* Release */ = {
			isa = XCBuildConfiguration;
			buildSettings = {
				ARCHS = "$(ARCHS_STANDARD_32_BIT)";
				CLANG_ENABLE_OBJC_ARC = YES;
				"CODE_SIGN_IDENTITY[sdk=iphoneos*]" = "iPhone Developer";
				GCC_C_LANGUAGE_STANDARD = gnu99;
				GCC_PREPROCESSOR_DEFINITIONS = (
					NDEBUG,
					"NS_BLOCK_ASSERTIONS=1",
				);
				GCC_VERSION = com.apple.compilers.llvm.clang.1_0;
				GCC_WARN_ABOUT_RETURN_TYPE = YES;
				GCC_WARN_UNUSED_VARIABLE = YES;
				IPHONEOS_DEPLOYMENT_TARGET = 5.0;
				SDKROOT = iphoneos;
				TARGETED_DEVICE_FAMILY = "1,2";
			};
			name = Release;
		};
		6E12229D1924BD88005E8532 /* Debug */ = {
			isa = XCBuildConfiguration;
			buildSettings = {
				ALWAYS_SEARCH_USER_PATHS = NO;
				ARCHS = "$(ARCHS_STANDARD)";
				COPY_PHASE_STRIP = NO;
				GCC_DYNAMIC_NO_PIC = NO;
				GCC_PRECOMPILE_PREFIX_HEADER = YES;
				GCC_PREFIX_HEADER = "LevelHelper2-Cocos2d-v3/Supporting Files/Prefix.pch";
				GCC_PREPROCESSOR_DEFINITIONS = (
					DEBUG,
					"COCOS2D_DEBUG=1",
				);
				HEADER_SEARCH_PATHS = (
					"\"$(SRCROOT)/cocos2d/kazmath/include\"",
					"\"$(SRCROOT)/cocos2d/Chipmunk/chipmunk/include\"",
					"\"$(SRCROOT)/cocos2d/Chipmunk/objectivec/include\"",
					"\"$(SRCROOT)/cocos2d\"",
					"\"$(SRCROOT)/cocos2d/cocos2d\"",
					"\"$(SRCROOT)/cocos2d/cocos2d/Support\"",
					"\"$(SRCROOT)/cocos2d/ObjectAL\"",
					"\"$(SRCROOT)/cocos2d/ObjectAL/Support\"",
					"\"$(SRCROOT)/cocos2d/ObjectAL/OpenAL\"",
					"\"$(SRCROOT)/cocos2d/ObjectAL/Session\"",
					"\"$(SRCROOT)/cocos2d/ObjectAL/Actions\"",
					"\"$(SRCROOT)/cocos2d/ObjectAL/AudioTrack\"",
					"\"$(SRCROOT)/cocos2d/cocos2d/Platforms/iOS\"",
					"\"$(SRCROOT)/cocos2d/cocos2d-ui\"",
					"\"$(SRCROOT)/cocos2d/CCBReader\"",
				);
				INFOPLIST_FILE = "LevelHelper2-Cocos2d-v3/Resources/Info.plist";
				LIBRARY_SEARCH_PATHS = "";
				OTHER_LDFLAGS = (
					"-lz",
					"-lsqlite3",
					"-ObjC",
				);
				PRODUCT_NAME = "$(TARGET_NAME)";
				WRAPPER_EXTENSION = app;
			};
			name = Debug;
		};
		6E12229E1924BD88005E8532 /* Release */ = {
			isa = XCBuildConfiguration;
			buildSettings = {
				ALWAYS_SEARCH_USER_PATHS = NO;
				ARCHS = "$(ARCHS_STANDARD)";
				COPY_PHASE_STRIP = YES;
				GCC_PRECOMPILE_PREFIX_HEADER = YES;
				GCC_PREFIX_HEADER = "LevelHelper2-Cocos2d-v3/Supporting Files/Prefix.pch";
				GCC_PREPROCESSOR_DEFINITIONS = (
					NDEBUG,
					"NS_BLOCK_ASSERTIONS=1",
				);
				HEADER_SEARCH_PATHS = (
					"\"$(SRCROOT)/cocos2d/kazmath/include\"",
					"\"$(SRCROOT)/cocos2d/Chipmunk/chipmunk/include\"",
					"\"$(SRCROOT)/cocos2d/Chipmunk/objectivec/include\"",
					"\"$(SRCROOT)/cocos2d\"",
					"\"$(SRCROOT)/cocos2d/cocos2d\"",
					"\"$(SRCROOT)/cocos2d/cocos2d/Support\"",
					"\"$(SRCROOT)/cocos2d/ObjectAL\"",
					"\"$(SRCROOT)/cocos2d/ObjectAL/Support\"",
					"\"$(SRCROOT)/cocos2d/ObjectAL/OpenAL\"",
					"\"$(SRCROOT)/cocos2d/ObjectAL/Session\"",
					"\"$(SRCROOT)/cocos2d/ObjectAL/Actions\"",
					"\"$(SRCROOT)/cocos2d/ObjectAL/AudioTrack\"",
					"\"$(SRCROOT)/cocos2d/cocos2d/Platforms/iOS\"",
					"\"$(SRCROOT)/cocos2d/cocos2d-ui\"",
					"\"$(SRCROOT)/cocos2d/CCBReader\"",
				);
				INFOPLIST_FILE = "LevelHelper2-Cocos2d-v3/Resources/Info.plist";
				LIBRARY_SEARCH_PATHS = "";
				OTHER_LDFLAGS = (
					"-lz",
					"-lsqlite3",
					"-ObjC",
				);
				PRODUCT_NAME = "$(TARGET_NAME)";
				VALIDATE_PRODUCT = YES;
				WRAPPER_EXTENSION = app;
			};
			name = Release;
		};
		6E21716C1982BA8600C1F7CF /* Debug */ = {
			isa = XCBuildConfiguration;
			buildSettings = {
				ALWAYS_SEARCH_USER_PATHS = NO;
				ARCHS = "$(ARCHS_STANDARD)";
				CLANG_CXX_LANGUAGE_STANDARD = "gnu++0x";
				CLANG_CXX_LIBRARY = "libc++";
				"CODE_SIGN_IDENTITY[sdk=iphoneos*]" = "";
				COPY_PHASE_STRIP = NO;
				GCC_C_LANGUAGE_STANDARD = "compiler-default";
				GCC_DYNAMIC_NO_PIC = NO;
				GCC_PRECOMPILE_PREFIX_HEADER = YES;
				GCC_PREFIX_HEADER = "LevelHelper2-Cocos2d-v3/Supporting Files/MacOS/Prefix.pch";
				GCC_PREPROCESSOR_DEFINITIONS = (
					"COCOS2D_DEBUG=1",
					DEBUG,
					"LH_USE_BOX2D=1",
				);
				HEADER_SEARCH_PATHS = (
					"\"$(SRCROOT)/cocos2d/kazmath/include\"",
					"\"$(SRCROOT)/cocos2d/Chipmunk/chipmunk/include\"",
					"\"$(SRCROOT)/cocos2d/Chipmunk/objectivec/include\"",
					"\"$(SRCROOT)/cocos2d\"",
					"\"$(SRCROOT)/cocos2d/cocos2d\"",
					"\"$(SRCROOT)/cocos2d/cocos2d/Support\"",
					"\"$(SRCROOT)/cocos2d/ObjectAL\"",
					"\"$(SRCROOT)/cocos2d/ObjectAL/Support\"",
					"\"$(SRCROOT)/cocos2d/ObjectAL/OpenAL\"",
					"\"$(SRCROOT)/cocos2d/ObjectAL/Session\"",
					"\"$(SRCROOT)/cocos2d/ObjectAL/Actions\"",
					"\"$(SRCROOT)/cocos2d/ObjectAL/AudioTrack\"",
					"\"$(SRCROOT)/cocos2d/cocos2d/Platforms/iOS\"",
					"\"$(SRCROOT)/cocos2d/cocos2d-ui\"",
					"\"$(SRCROOT)/cocos2d/CCBReader\"",
				);
				INFOPLIST_FILE = "$(SRCROOT)/Info+Box2dMacOS.plist";
				LIBRARY_SEARCH_PATHS = "";
				MACOSX_DEPLOYMENT_TARGET = 10.8;
				ONLY_ACTIVE_ARCH = YES;
				OTHER_LDFLAGS = (
					"-lz",
					"-lsqlite3",
					"-ObjC",
				);
				PRODUCT_NAME = "LevelHelper2-Cocos2d-v3+Box2d MAC OS";
				SDKROOT = macosx;
				WRAPPER_EXTENSION = app;
			};
			name = Debug;
		};
		6E21716D1982BA8600C1F7CF /* Release */ = {
			isa = XCBuildConfiguration;
			buildSettings = {
				ALWAYS_SEARCH_USER_PATHS = NO;
				ARCHS = "$(ARCHS_STANDARD)";
				CLANG_CXX_LANGUAGE_STANDARD = "gnu++0x";
				CLANG_CXX_LIBRARY = "libc++";
				"CODE_SIGN_IDENTITY[sdk=iphoneos*]" = "";
				COPY_PHASE_STRIP = YES;
				DEBUG_INFORMATION_FORMAT = "dwarf-with-dsym";
				GCC_C_LANGUAGE_STANDARD = "compiler-default";
				GCC_PRECOMPILE_PREFIX_HEADER = YES;
				GCC_PREFIX_HEADER = "LevelHelper2-Cocos2d-v3/Supporting Files/MacOS/Prefix.pch";
				GCC_PREPROCESSOR_DEFINITIONS = (
					NDEBUG,
					"NS_BLOCK_ASSERTIONS=1",
					"LH_USE_BOX2D=1",
				);
				HEADER_SEARCH_PATHS = (
					"\"$(SRCROOT)/cocos2d/kazmath/include\"",
					"\"$(SRCROOT)/cocos2d/Chipmunk/chipmunk/include\"",
					"\"$(SRCROOT)/cocos2d/Chipmunk/objectivec/include\"",
					"\"$(SRCROOT)/cocos2d\"",
					"\"$(SRCROOT)/cocos2d/cocos2d\"",
					"\"$(SRCROOT)/cocos2d/cocos2d/Support\"",
					"\"$(SRCROOT)/cocos2d/ObjectAL\"",
					"\"$(SRCROOT)/cocos2d/ObjectAL/Support\"",
					"\"$(SRCROOT)/cocos2d/ObjectAL/OpenAL\"",
					"\"$(SRCROOT)/cocos2d/ObjectAL/Session\"",
					"\"$(SRCROOT)/cocos2d/ObjectAL/Actions\"",
					"\"$(SRCROOT)/cocos2d/ObjectAL/AudioTrack\"",
					"\"$(SRCROOT)/cocos2d/cocos2d/Platforms/iOS\"",
					"\"$(SRCROOT)/cocos2d/cocos2d-ui\"",
					"\"$(SRCROOT)/cocos2d/CCBReader\"",
				);
				INFOPLIST_FILE = "$(SRCROOT)/Info+Box2dMacOS.plist";
				LIBRARY_SEARCH_PATHS = "";
				MACOSX_DEPLOYMENT_TARGET = 10.8;
				OTHER_LDFLAGS = (
					"-lz",
					"-lsqlite3",
					"-ObjC",
				);
				PRODUCT_NAME = "LevelHelper2-Cocos2d-v3+Box2d MAC OS";
				SDKROOT = macosx;
				VALIDATE_PRODUCT = YES;
				WRAPPER_EXTENSION = app;
			};
			name = Release;
		};
/* End XCBuildConfiguration section */

/* Begin XCConfigurationList section */
		6E0D56A0194C32A30036E940 /* Build configuration list for PBXNativeTarget "LevelHelper2-Cocos2d-v3+Box2d-iOS" */ = {
			isa = XCConfigurationList;
			buildConfigurations = (
				6E0D56A1194C32A30036E940 /* Debug */,
				6E0D56A2194C32A30036E940 /* Release */,
			);
			defaultConfigurationIsVisible = 0;
			defaultConfigurationName = Release;
		};
		6E121FDE1924BD85005E8532 /* Build configuration list for PBXProject "LevelHelper2-Cocos2d-v3" */ = {
			isa = XCConfigurationList;
			buildConfigurations = (
				6E1222971924BD88005E8532 /* Debug */,
				6E1222981924BD88005E8532 /* Release */,
			);
			defaultConfigurationIsVisible = 0;
			defaultConfigurationName = Release;
		};
		6E12229C1924BD88005E8532 /* Build configuration list for PBXNativeTarget "LevelHelper2-Cocos2d-v3+Chipmunk-iOS" */ = {
			isa = XCConfigurationList;
			buildConfigurations = (
				6E12229D1924BD88005E8532 /* Debug */,
				6E12229E1924BD88005E8532 /* Release */,
			);
			defaultConfigurationIsVisible = 0;
			defaultConfigurationName = Release;
		};
		6E21716B1982BA8600C1F7CF /* Build configuration list for PBXNativeTarget "LevelHelper2-Cocos2d-v3+Box2d-MacOS" */ = {
			isa = XCConfigurationList;
			buildConfigurations = (
				6E21716C1982BA8600C1F7CF /* Debug */,
				6E21716D1982BA8600C1F7CF /* Release */,
			);
			defaultConfigurationIsVisible = 0;
			defaultConfigurationName = Release;
		};
/* End XCConfigurationList section */
	};
	rootObject = 6E121FDB1924BD85005E8532 /* Project object */;
}
